// !$*UTF8*$!
{
	archiveVersion = 1;
	classes = {
	};
	objectVersion = 51;
	objects = {

/* Begin PBXBuildFile section */
		5E74076820AC06CA00A46657 /* UIImage+Extension.swift in Sources */ = {isa = PBXBuildFile; fileRef = 5E74076720AC06CA00A46657 /* UIImage+Extension.swift */; };
		5EA4606220A18DA20005AAA5 /* AppDelegate.swift in Sources */ = {isa = PBXBuildFile; fileRef = 5EA4606120A18DA20005AAA5 /* AppDelegate.swift */; };
		5EA4606420A18DA20005AAA5 /* ViewController.swift in Sources */ = {isa = PBXBuildFile; fileRef = 5EA4606320A18DA20005AAA5 /* ViewController.swift */; };
		5EA4606920A18DAC0005AAA5 /* Assets.xcassets in Resources */ = {isa = PBXBuildFile; fileRef = 5EA4606820A18DAC0005AAA5 /* Assets.xcassets */; };
		5EA4606C20A18DAC0005AAA5 /* LaunchScreen.storyboard in Resources */ = {isa = PBXBuildFile; fileRef = 5EA4606A20A18DAC0005AAA5 /* LaunchScreen.storyboard */; };
		5EA4607820A191040005AAA5 /* GCDTimer.swift in Sources */ = {isa = PBXBuildFile; fileRef = 5EA4607720A191040005AAA5 /* GCDTimer.swift */; };
		5EA4607A20A19C160005AAA5 /* PlaceholderTextView.swift in Sources */ = {isa = PBXBuildFile; fileRef = 5EA4607920A19C160005AAA5 /* PlaceholderTextView.swift */; };
		9D16B64320E5FC9C008AE489 /* UIColor+Extension.swift in Sources */ = {isa = PBXBuildFile; fileRef = 9D16B64220E5FC9C008AE489 /* UIColor+Extension.swift */; };
		9D16B64620E5FCE0008AE489 /* JJCompatible.swift in Sources */ = {isa = PBXBuildFile; fileRef = 9D16B64520E5FCE0008AE489 /* JJCompatible.swift */; };
		9D16B64920E5FDA8008AE489 /* ReusableViewable.swift in Sources */ = {isa = PBXBuildFile; fileRef = 9D16B64820E5FDA8008AE489 /* ReusableViewable.swift */; };
		9D16B64B20E5FDDF008AE489 /* Configable.swift in Sources */ = {isa = PBXBuildFile; fileRef = 9D16B64A20E5FDDF008AE489 /* Configable.swift */; };
		9D16B64D20E5FE05008AE489 /* UIApplication+Extension.swift in Sources */ = {isa = PBXBuildFile; fileRef = 9D16B64C20E5FE05008AE489 /* UIApplication+Extension.swift */; };
		9D16B64F20E5FF03008AE489 /* UIView+Extension.swift in Sources */ = {isa = PBXBuildFile; fileRef = 9D16B64E20E5FF03008AE489 /* UIView+Extension.swift */; };
		9D16B65120E60B13008AE489 /* Date+Extensions.swift in Sources */ = {isa = PBXBuildFile; fileRef = 9D16B65020E60B13008AE489 /* Date+Extensions.swift */; };
		9D16B65320E60C44008AE489 /* StoreValueManager.swift in Sources */ = {isa = PBXBuildFile; fileRef = 9D16B65220E60C44008AE489 /* StoreValueManager.swift */; };
		9D16B65520E631EC008AE489 /* String+Extension.swift in Sources */ = {isa = PBXBuildFile; fileRef = 9D16B65420E631EC008AE489 /* String+Extension.swift */; };
		9D1D2ACD2112B56000DDFC43 /* SwipeTransition.swift in Sources */ = {isa = PBXBuildFile; fileRef = 9D1D2ACC2112B56000DDFC43 /* SwipeTransition.swift */; };
		9D48369E20F321600086F323 /* AttributMaker.swift in Sources */ = {isa = PBXBuildFile; fileRef = 9D48369D20F321600086F323 /* AttributMaker.swift */; };
		9D4B42172140F82C00568229 /* IconData.swift in Sources */ = {isa = PBXBuildFile; fileRef = 9D4B42162140F82C00568229 /* IconData.swift */; };
		9D4B42192140F85200568229 /* MaterialIcons.swift in Sources */ = {isa = PBXBuildFile; fileRef = 9D4B42182140F85200568229 /* MaterialIcons.swift */; };
		9D4B422721412C2F00568229 /* MaterialIcons-Regular.ttf in Resources */ = {isa = PBXBuildFile; fileRef = 9D4B422621412C2F00568229 /* MaterialIcons-Regular.ttf */; };
		9D6EB951216B5D1300487973 /* CATextLayer+Extension.swift in Sources */ = {isa = PBXBuildFile; fileRef = 9D6EB950216B5D1300487973 /* CATextLayer+Extension.swift */; };
		9D793B3621AFDAA8004FE8D1 /* Codable+Extensions.swift in Sources */ = {isa = PBXBuildFile; fileRef = 9D793B3521AFDAA8004FE8D1 /* Codable+Extensions.swift */; };
		9D96BFE0210AC47D0015F18B /* JJCycleView.swift in Sources */ = {isa = PBXBuildFile; fileRef = 9D96BFDF210AC47D0015F18B /* JJCycleView.swift */; };
		9D96BFE2210AC6220015F18B /* CALayer+Extension.swift in Sources */ = {isa = PBXBuildFile; fileRef = 9D96BFE1210AC6220015F18B /* CALayer+Extension.swift */; };
		9DAB82E52137A0EE00528DBB /* GenericPresentationController.swift in Sources */ = {isa = PBXBuildFile; fileRef = 9DAB82E42137A0EE00528DBB /* GenericPresentationController.swift */; };
		9DAB83052137CB1400528DBB /* UIButton+Extension.swift in Sources */ = {isa = PBXBuildFile; fileRef = 9DAB83042137CB1400528DBB /* UIButton+Extension.swift */; };
		9DB52A50213903BF00D9D771 /* BlockAction.swift in Sources */ = {isa = PBXBuildFile; fileRef = 9DB52A4F213903BF00D9D771 /* BlockAction.swift */; };
		FD15868E22F3C16800AEC405 /* LayoutResultExtendable.swift in Sources */ = {isa = PBXBuildFile; fileRef = FD15868D22F3C16800AEC405 /* LayoutResultExtendable.swift */; };
		FD5BDB4C22F2822800FA2325 /* LayoutTargetable.swift in Sources */ = {isa = PBXBuildFile; fileRef = FD5BDB4B22F2822800FA2325 /* LayoutTargetable.swift */; };
		FD5BDB5822F2B51900FA2325 /* LayoutRelationValueable.swift in Sources */ = {isa = PBXBuildFile; fileRef = FD5BDB5722F2B51900FA2325 /* LayoutRelationValueable.swift */; };
		FD7A95DB22F184A0004E8CC8 /* LayoutBuilderDescribe.swift in Sources */ = {isa = PBXBuildFile; fileRef = FD7A95DA22F184A0004E8CC8 /* LayoutBuilderDescribe.swift */; };
		FD7D620B22F00E6E00D1891B /* Layout.swift in Sources */ = {isa = PBXBuildFile; fileRef = FD7D620A22F00E6E00D1891B /* Layout.swift */; };
		FD7D620D22F00F7600D1891B /* LayoutBuilder.swift in Sources */ = {isa = PBXBuildFile; fileRef = FD7D620C22F00F7600D1891B /* LayoutBuilder.swift */; };
		FD7D620F22F0163F00D1891B /* SecondController.swift in Sources */ = {isa = PBXBuildFile; fileRef = FD7D620E22F0163F00D1891B /* SecondController.swift */; };
		FD7D621122F0181C00D1891B /* LayoutItem.swift in Sources */ = {isa = PBXBuildFile; fileRef = FD7D621022F0181C00D1891B /* LayoutItem.swift */; };
		FD7D621322F01BCC00D1891B /* LayoutBuilderExtendable.swift in Sources */ = {isa = PBXBuildFile; fileRef = FD7D621222F01BCC00D1891B /* LayoutBuilderExtendable.swift */; };
		FD7D621722F02E3E00D1891B /* LayoutRelation.swift in Sources */ = {isa = PBXBuildFile; fileRef = FD7D621622F02E3E00D1891B /* LayoutRelation.swift */; };
		FD7E022F22F93DAD005E178F /* ScrollDataDelegate.swift in Sources */ = {isa = PBXBuildFile; fileRef = FD7E022E22F93DAD005E178F /* ScrollDataDelegate.swift */; };
		FD7E023122F93E52005E178F /* ScrollViewBuilder.swift in Sources */ = {isa = PBXBuildFile; fileRef = FD7E023022F93E52005E178F /* ScrollViewBuilder.swift */; };
		FD7E023322F94781005E178F /* ScrollDelegateManager.swift in Sources */ = {isa = PBXBuildFile; fileRef = FD7E023222F94781005E178F /* ScrollDelegateManager.swift */; };
		FD7E023522F9575F005E178F /* TableViewBuilder.swift in Sources */ = {isa = PBXBuildFile; fileRef = FD7E023422F9575F005E178F /* TableViewBuilder.swift */; };
		FD7E023722F957B2005E178F /* TableDataDelegate.swift in Sources */ = {isa = PBXBuildFile; fileRef = FD7E023622F957B2005E178F /* TableDataDelegate.swift */; };
		FD8189FB22F270A9009FAE2F /* LayoutResult.swift in Sources */ = {isa = PBXBuildFile; fileRef = FD8189FA22F270A9009FAE2F /* LayoutResult.swift */; };
		FD99B80F22FA5E2900CEC17C /* CollectionViewBuilder.swift in Sources */ = {isa = PBXBuildFile; fileRef = FD99B80E22FA5E2900CEC17C /* CollectionViewBuilder.swift */; };
		FD99B81122FA5E9500CEC17C /* CollectionDataDelegate.swift in Sources */ = {isa = PBXBuildFile; fileRef = FD99B81022FA5E9500CEC17C /* CollectionDataDelegate.swift */; };
/* End PBXBuildFile section */

/* Begin PBXFileReference section */
		5E74076720AC06CA00A46657 /* UIImage+Extension.swift */ = {isa = PBXFileReference; lastKnownFileType = sourcecode.swift; path = "UIImage+Extension.swift"; sourceTree = "<group>"; };
		5EA4605E20A18DA20005AAA5 /* Demo.app */ = {isa = PBXFileReference; explicitFileType = wrapper.application; includeInIndex = 0; path = Demo.app; sourceTree = BUILT_PRODUCTS_DIR; };
		5EA4606120A18DA20005AAA5 /* AppDelegate.swift */ = {isa = PBXFileReference; lastKnownFileType = sourcecode.swift; path = AppDelegate.swift; sourceTree = "<group>"; };
		5EA4606320A18DA20005AAA5 /* ViewController.swift */ = {isa = PBXFileReference; lastKnownFileType = sourcecode.swift; path = ViewController.swift; sourceTree = "<group>"; };
		5EA4606820A18DAC0005AAA5 /* Assets.xcassets */ = {isa = PBXFileReference; lastKnownFileType = folder.assetcatalog; path = Assets.xcassets; sourceTree = "<group>"; };
		5EA4606B20A18DAC0005AAA5 /* Base */ = {isa = PBXFileReference; lastKnownFileType = file.storyboard; name = Base; path = Base.lproj/LaunchScreen.storyboard; sourceTree = "<group>"; };
		5EA4606D20A18DAC0005AAA5 /* Info.plist */ = {isa = PBXFileReference; lastKnownFileType = text.plist.xml; path = Info.plist; sourceTree = "<group>"; };
		5EA4607720A191040005AAA5 /* GCDTimer.swift */ = {isa = PBXFileReference; lastKnownFileType = sourcecode.swift; path = GCDTimer.swift; sourceTree = "<group>"; };
		5EA4607920A19C160005AAA5 /* PlaceholderTextView.swift */ = {isa = PBXFileReference; lastKnownFileType = sourcecode.swift; path = PlaceholderTextView.swift; sourceTree = "<group>"; };
		9D16B64220E5FC9C008AE489 /* UIColor+Extension.swift */ = {isa = PBXFileReference; lastKnownFileType = sourcecode.swift; path = "UIColor+Extension.swift"; sourceTree = "<group>"; };
		9D16B64520E5FCE0008AE489 /* JJCompatible.swift */ = {isa = PBXFileReference; lastKnownFileType = sourcecode.swift; path = JJCompatible.swift; sourceTree = "<group>"; };
		9D16B64820E5FDA8008AE489 /* ReusableViewable.swift */ = {isa = PBXFileReference; lastKnownFileType = sourcecode.swift; path = ReusableViewable.swift; sourceTree = "<group>"; };
		9D16B64A20E5FDDF008AE489 /* Configable.swift */ = {isa = PBXFileReference; lastKnownFileType = sourcecode.swift; path = Configable.swift; sourceTree = "<group>"; };
		9D16B64C20E5FE05008AE489 /* UIApplication+Extension.swift */ = {isa = PBXFileReference; lastKnownFileType = sourcecode.swift; path = "UIApplication+Extension.swift"; sourceTree = "<group>"; };
		9D16B64E20E5FF03008AE489 /* UIView+Extension.swift */ = {isa = PBXFileReference; lastKnownFileType = sourcecode.swift; path = "UIView+Extension.swift"; sourceTree = "<group>"; };
		9D16B65020E60B13008AE489 /* Date+Extensions.swift */ = {isa = PBXFileReference; lastKnownFileType = sourcecode.swift; path = "Date+Extensions.swift"; sourceTree = "<group>"; };
		9D16B65220E60C44008AE489 /* StoreValueManager.swift */ = {isa = PBXFileReference; lastKnownFileType = sourcecode.swift; path = StoreValueManager.swift; sourceTree = "<group>"; };
		9D16B65420E631EC008AE489 /* String+Extension.swift */ = {isa = PBXFileReference; lastKnownFileType = sourcecode.swift; path = "String+Extension.swift"; sourceTree = "<group>"; };
		9D1D2ACC2112B56000DDFC43 /* SwipeTransition.swift */ = {isa = PBXFileReference; lastKnownFileType = sourcecode.swift; path = SwipeTransition.swift; sourceTree = "<group>"; };
		9D48369D20F321600086F323 /* AttributMaker.swift */ = {isa = PBXFileReference; lastKnownFileType = sourcecode.swift; path = AttributMaker.swift; sourceTree = "<group>"; };
		9D4B42162140F82C00568229 /* IconData.swift */ = {isa = PBXFileReference; lastKnownFileType = sourcecode.swift; path = IconData.swift; sourceTree = "<group>"; };
		9D4B42182140F85200568229 /* MaterialIcons.swift */ = {isa = PBXFileReference; lastKnownFileType = sourcecode.swift; path = MaterialIcons.swift; sourceTree = "<group>"; };
		9D4B422621412C2F00568229 /* MaterialIcons-Regular.ttf */ = {isa = PBXFileReference; lastKnownFileType = file; path = "MaterialIcons-Regular.ttf"; sourceTree = "<group>"; };
		9D6EB950216B5D1300487973 /* CATextLayer+Extension.swift */ = {isa = PBXFileReference; lastKnownFileType = sourcecode.swift; path = "CATextLayer+Extension.swift"; sourceTree = "<group>"; };
		9D793B3521AFDAA8004FE8D1 /* Codable+Extensions.swift */ = {isa = PBXFileReference; lastKnownFileType = sourcecode.swift; path = "Codable+Extensions.swift"; sourceTree = "<group>"; };
		9D96BFDF210AC47D0015F18B /* JJCycleView.swift */ = {isa = PBXFileReference; lastKnownFileType = sourcecode.swift; path = JJCycleView.swift; sourceTree = "<group>"; };
		9D96BFE1210AC6220015F18B /* CALayer+Extension.swift */ = {isa = PBXFileReference; lastKnownFileType = sourcecode.swift; path = "CALayer+Extension.swift"; sourceTree = "<group>"; };
		9DAB82E42137A0EE00528DBB /* GenericPresentationController.swift */ = {isa = PBXFileReference; lastKnownFileType = sourcecode.swift; path = GenericPresentationController.swift; sourceTree = "<group>"; };
		9DAB83042137CB1400528DBB /* UIButton+Extension.swift */ = {isa = PBXFileReference; lastKnownFileType = sourcecode.swift; path = "UIButton+Extension.swift"; sourceTree = "<group>"; };
		9DB52A4F213903BF00D9D771 /* BlockAction.swift */ = {isa = PBXFileReference; lastKnownFileType = sourcecode.swift; path = BlockAction.swift; sourceTree = "<group>"; };
		FD15868D22F3C16800AEC405 /* LayoutResultExtendable.swift */ = {isa = PBXFileReference; lastKnownFileType = sourcecode.swift; path = LayoutResultExtendable.swift; sourceTree = "<group>"; };
		FD5BDB4B22F2822800FA2325 /* LayoutTargetable.swift */ = {isa = PBXFileReference; lastKnownFileType = sourcecode.swift; path = LayoutTargetable.swift; sourceTree = "<group>"; };
		FD5BDB5722F2B51900FA2325 /* LayoutRelationValueable.swift */ = {isa = PBXFileReference; lastKnownFileType = sourcecode.swift; path = LayoutRelationValueable.swift; sourceTree = "<group>"; };
		FD7A95DA22F184A0004E8CC8 /* LayoutBuilderDescribe.swift */ = {isa = PBXFileReference; lastKnownFileType = sourcecode.swift; path = LayoutBuilderDescribe.swift; sourceTree = "<group>"; };
		FD7D620A22F00E6E00D1891B /* Layout.swift */ = {isa = PBXFileReference; lastKnownFileType = sourcecode.swift; path = Layout.swift; sourceTree = "<group>"; };
		FD7D620C22F00F7600D1891B /* LayoutBuilder.swift */ = {isa = PBXFileReference; lastKnownFileType = sourcecode.swift; path = LayoutBuilder.swift; sourceTree = "<group>"; };
		FD7D620E22F0163F00D1891B /* SecondController.swift */ = {isa = PBXFileReference; lastKnownFileType = sourcecode.swift; path = SecondController.swift; sourceTree = "<group>"; };
		FD7D621022F0181C00D1891B /* LayoutItem.swift */ = {isa = PBXFileReference; lastKnownFileType = sourcecode.swift; path = LayoutItem.swift; sourceTree = "<group>"; };
		FD7D621222F01BCC00D1891B /* LayoutBuilderExtendable.swift */ = {isa = PBXFileReference; lastKnownFileType = sourcecode.swift; path = LayoutBuilderExtendable.swift; sourceTree = "<group>"; };
		FD7D621622F02E3E00D1891B /* LayoutRelation.swift */ = {isa = PBXFileReference; lastKnownFileType = sourcecode.swift; path = LayoutRelation.swift; sourceTree = "<group>"; };
		FD7E022E22F93DAD005E178F /* ScrollDataDelegate.swift */ = {isa = PBXFileReference; lastKnownFileType = sourcecode.swift; path = ScrollDataDelegate.swift; sourceTree = "<group>"; };
		FD7E023022F93E52005E178F /* ScrollViewBuilder.swift */ = {isa = PBXFileReference; lastKnownFileType = sourcecode.swift; path = ScrollViewBuilder.swift; sourceTree = "<group>"; };
		FD7E023222F94781005E178F /* ScrollDelegateManager.swift */ = {isa = PBXFileReference; lastKnownFileType = sourcecode.swift; path = ScrollDelegateManager.swift; sourceTree = "<group>"; };
		FD7E023422F9575F005E178F /* TableViewBuilder.swift */ = {isa = PBXFileReference; lastKnownFileType = sourcecode.swift; path = TableViewBuilder.swift; sourceTree = "<group>"; };
		FD7E023622F957B2005E178F /* TableDataDelegate.swift */ = {isa = PBXFileReference; lastKnownFileType = sourcecode.swift; path = TableDataDelegate.swift; sourceTree = "<group>"; };
		FD8189FA22F270A9009FAE2F /* LayoutResult.swift */ = {isa = PBXFileReference; lastKnownFileType = sourcecode.swift; path = LayoutResult.swift; sourceTree = "<group>"; };
		FD99B80E22FA5E2900CEC17C /* CollectionViewBuilder.swift */ = {isa = PBXFileReference; lastKnownFileType = sourcecode.swift; path = CollectionViewBuilder.swift; sourceTree = "<group>"; };
		FD99B81022FA5E9500CEC17C /* CollectionDataDelegate.swift */ = {isa = PBXFileReference; lastKnownFileType = sourcecode.swift; path = CollectionDataDelegate.swift; sourceTree = "<group>"; };
/* End PBXFileReference section */

/* Begin PBXFrameworksBuildPhase section */
		5EA4605B20A18DA20005AAA5 /* Frameworks */ = {
			isa = PBXFrameworksBuildPhase;
			buildActionMask = 2147483647;
			files = (
			);
			runOnlyForDeploymentPostprocessing = 0;
		};
/* End PBXFrameworksBuildPhase section */

/* Begin PBXGroup section */
		5E74076620AC06B900A46657 /* Extensions */ = {
			isa = PBXGroup;
			children = (
				5E74076720AC06CA00A46657 /* UIImage+Extension.swift */,
				9D16B64220E5FC9C008AE489 /* UIColor+Extension.swift */,
				9D16B64C20E5FE05008AE489 /* UIApplication+Extension.swift */,
				9D16B64E20E5FF03008AE489 /* UIView+Extension.swift */,
				9D96BFE1210AC6220015F18B /* CALayer+Extension.swift */,
				9D6EB950216B5D1300487973 /* CATextLayer+Extension.swift */,
				9D793B3521AFDAA8004FE8D1 /* Codable+Extensions.swift */,
				9D16B65020E60B13008AE489 /* Date+Extensions.swift */,
				9D16B65420E631EC008AE489 /* String+Extension.swift */,
				9DAB83042137CB1400528DBB /* UIButton+Extension.swift */,
			);
			path = Extensions;
			sourceTree = "<group>";
		};
		5EA4605520A18DA10005AAA5 = {
			isa = PBXGroup;
			children = (
				9D4B422521412C2F00568229 /* Resources */,
				5EA4607320A18E420005AAA5 /* Sources */,
				5EA4606020A18DA20005AAA5 /* Demo */,
				5EA4605F20A18DA20005AAA5 /* Products */,
			);
			sourceTree = "<group>";
		};
		5EA4605F20A18DA20005AAA5 /* Products */ = {
			isa = PBXGroup;
			children = (
				5EA4605E20A18DA20005AAA5 /* Demo.app */,
			);
			name = Products;
			sourceTree = "<group>";
		};
		5EA4606020A18DA20005AAA5 /* Demo */ = {
			isa = PBXGroup;
			children = (
				5EA4606120A18DA20005AAA5 /* AppDelegate.swift */,
				5EA4606320A18DA20005AAA5 /* ViewController.swift */,
				FD7D620E22F0163F00D1891B /* SecondController.swift */,
				5EA4606820A18DAC0005AAA5 /* Assets.xcassets */,
				5EA4606A20A18DAC0005AAA5 /* LaunchScreen.storyboard */,
				5EA4606D20A18DAC0005AAA5 /* Info.plist */,
			);
			path = Demo;
			sourceTree = "<group>";
		};
		5EA4607320A18E420005AAA5 /* Sources */ = {
			isa = PBXGroup;
			children = (
				FD7E022B22F93D60005E178F /* DataDelegate */,
				FD415E8622EFE795000DCFED /* Layout */,
				9D1D2ACB2112B4DA00DDFC43 /* Transitions */,
				9D16B64720E5FD9C008AE489 /* Protocols */,
				9D16B64420E5FCCE008AE489 /* Utils */,
				5E74076620AC06B900A46657 /* Extensions */,
				5EA4607420A18E420005AAA5 /* Base */,
			);
			name = Sources;
			path = ../Sources;
			sourceTree = "<group>";
		};
		5EA4607420A18E420005AAA5 /* Base */ = {
			isa = PBXGroup;
			children = (
				5EA4607720A191040005AAA5 /* GCDTimer.swift */,
				5EA4607920A19C160005AAA5 /* PlaceholderTextView.swift */,
				9D96BFDF210AC47D0015F18B /* JJCycleView.swift */,
			);
			path = Base;
			sourceTree = "<group>";
		};
		9D16B64420E5FCCE008AE489 /* Utils */ = {
			isa = PBXGroup;
			children = (
				9D16B64520E5FCE0008AE489 /* JJCompatible.swift */,
				9D16B65220E60C44008AE489 /* StoreValueManager.swift */,
				9D48369D20F321600086F323 /* AttributMaker.swift */,
				9DB52A4F213903BF00D9D771 /* BlockAction.swift */,
				9D4B42162140F82C00568229 /* IconData.swift */,
				9D4B42182140F85200568229 /* MaterialIcons.swift */,
			);
			path = Utils;
			sourceTree = "<group>";
		};
		9D16B64720E5FD9C008AE489 /* Protocols */ = {
			isa = PBXGroup;
			children = (
				9D16B64820E5FDA8008AE489 /* ReusableViewable.swift */,
				9D16B64A20E5FDDF008AE489 /* Configable.swift */,
			);
			path = Protocols;
			sourceTree = "<group>";
		};
		9D1D2ACB2112B4DA00DDFC43 /* Transitions */ = {
			isa = PBXGroup;
			children = (
				9D1D2ACC2112B56000DDFC43 /* SwipeTransition.swift */,
				9DAB82E42137A0EE00528DBB /* GenericPresentationController.swift */,
			);
			path = Transitions;
			sourceTree = "<group>";
		};
		9D4B422521412C2F00568229 /* Resources */ = {
			isa = PBXGroup;
			children = (
				9D4B422621412C2F00568229 /* MaterialIcons-Regular.ttf */,
			);
			name = Resources;
			path = ../Resources;
			sourceTree = "<group>";
		};
		FD415E8622EFE795000DCFED /* Layout */ = {
			isa = PBXGroup;
			children = (
				FD7D620A22F00E6E00D1891B /* Layout.swift */,
				FD7D620C22F00F7600D1891B /* LayoutBuilder.swift */,
				FD7D621222F01BCC00D1891B /* LayoutBuilderExtendable.swift */,
				FD7D621022F0181C00D1891B /* LayoutItem.swift */,
				FD7A95DA22F184A0004E8CC8 /* LayoutBuilderDescribe.swift */,
				FD5BDB4B22F2822800FA2325 /* LayoutTargetable.swift */,
				FD7D621622F02E3E00D1891B /* LayoutRelation.swift */,
				FD5BDB5722F2B51900FA2325 /* LayoutRelationValueable.swift */,
				FD8189FA22F270A9009FAE2F /* LayoutResult.swift */,
				FD15868D22F3C16800AEC405 /* LayoutResultExtendable.swift */,
			);
			path = Layout;
			sourceTree = "<group>";
		};
		FD7E022B22F93D60005E178F /* DataDelegate */ = {
			isa = PBXGroup;
			children = (
				FD7E022E22F93DAD005E178F /* ScrollDataDelegate.swift */,
				FD7E023022F93E52005E178F /* ScrollViewBuilder.swift */,
				FD7E023222F94781005E178F /* ScrollDelegateManager.swift */,
				FD7E023422F9575F005E178F /* TableViewBuilder.swift */,
				FD7E023622F957B2005E178F /* TableDataDelegate.swift */,
				FD99B80E22FA5E2900CEC17C /* CollectionViewBuilder.swift */,
				FD99B81022FA5E9500CEC17C /* CollectionDataDelegate.swift */,
			);
			path = DataDelegate;
			sourceTree = "<group>";
		};
/* End PBXGroup section */

/* Begin PBXNativeTarget section */
		5EA4605D20A18DA20005AAA5 /* Demo */ = {
			isa = PBXNativeTarget;
			buildConfigurationList = 5EA4607020A18DAC0005AAA5 /* Build configuration list for PBXNativeTarget "Demo" */;
			buildPhases = (
				5EA4605A20A18DA20005AAA5 /* Sources */,
				5EA4605B20A18DA20005AAA5 /* Frameworks */,
				5EA4605C20A18DA20005AAA5 /* Resources */,
			);
			buildRules = (
			);
			dependencies = (
			);
			name = Demo;
			productName = Demo;
			productReference = 5EA4605E20A18DA20005AAA5 /* Demo.app */;
			productType = "com.apple.product-type.application";
		};
/* End PBXNativeTarget section */

/* Begin PBXProject section */
		5EA4605620A18DA10005AAA5 /* Project object */ = {
			isa = PBXProject;
			attributes = {
				LastSwiftUpdateCheck = 0930;
				LastUpgradeCheck = 0930;
				ORGANIZATIONNAME = "郑桂杰";
				TargetAttributes = {
					5EA4605D20A18DA20005AAA5 = {
						CreatedOnToolsVersion = 9.3;
						LastSwiftMigration = 1000;
					};
				};
			};
			buildConfigurationList = 5EA4605920A18DA10005AAA5 /* Build configuration list for PBXProject "JJKit" */;
			compatibilityVersion = "Xcode 10.0";
			developmentRegion = en;
			hasScannedForEncodings = 0;
			knownRegions = (
				en,
				Base,
			);
			mainGroup = 5EA4605520A18DA10005AAA5;
			productRefGroup = 5EA4605F20A18DA20005AAA5 /* Products */;
			projectDirPath = "";
			projectRoot = "";
			targets = (
				5EA4605D20A18DA20005AAA5 /* Demo */,
			);
		};
/* End PBXProject section */

/* Begin PBXResourcesBuildPhase section */
		5EA4605C20A18DA20005AAA5 /* Resources */ = {
			isa = PBXResourcesBuildPhase;
			buildActionMask = 2147483647;
			files = (
				5EA4606C20A18DAC0005AAA5 /* LaunchScreen.storyboard in Resources */,
				9D4B422721412C2F00568229 /* MaterialIcons-Regular.ttf in Resources */,
				5EA4606920A18DAC0005AAA5 /* Assets.xcassets in Resources */,
			);
			runOnlyForDeploymentPostprocessing = 0;
		};
/* End PBXResourcesBuildPhase section */

/* Begin PBXSourcesBuildPhase section */
		5EA4605A20A18DA20005AAA5 /* Sources */ = {
			isa = PBXSourcesBuildPhase;
			buildActionMask = 2147483647;
			files = (
				9D16B64F20E5FF03008AE489 /* UIView+Extension.swift in Sources */,
				9D1D2ACD2112B56000DDFC43 /* SwipeTransition.swift in Sources */,
				FD7D621122F0181C00D1891B /* LayoutItem.swift in Sources */,
				5EA4606420A18DA20005AAA5 /* ViewController.swift in Sources */,
				9DB52A50213903BF00D9D771 /* BlockAction.swift in Sources */,
				9D48369E20F321600086F323 /* AttributMaker.swift in Sources */,
				5EA4607820A191040005AAA5 /* GCDTimer.swift in Sources */,
				9D6EB951216B5D1300487973 /* CATextLayer+Extension.swift in Sources */,
				9DAB82E52137A0EE00528DBB /* GenericPresentationController.swift in Sources */,
				FD7E023322F94781005E178F /* ScrollDelegateManager.swift in Sources */,
				5E74076820AC06CA00A46657 /* UIImage+Extension.swift in Sources */,
				FD7D620F22F0163F00D1891B /* SecondController.swift in Sources */,
				FD7E023122F93E52005E178F /* ScrollViewBuilder.swift in Sources */,
				9D16B64920E5FDA8008AE489 /* ReusableViewable.swift in Sources */,
				9D16B65120E60B13008AE489 /* Date+Extensions.swift in Sources */,
				9D4B42172140F82C00568229 /* IconData.swift in Sources */,
				FD99B81122FA5E9500CEC17C /* CollectionDataDelegate.swift in Sources */,
				9D16B65320E60C44008AE489 /* StoreValueManager.swift in Sources */,
				FD7E022F22F93DAD005E178F /* ScrollDataDelegate.swift in Sources */,
				9D16B64320E5FC9C008AE489 /* UIColor+Extension.swift in Sources */,
				FD8189FB22F270A9009FAE2F /* LayoutResult.swift in Sources */,
				9D16B65520E631EC008AE489 /* String+Extension.swift in Sources */,
				FD7E023722F957B2005E178F /* TableDataDelegate.swift in Sources */,
				9D96BFE2210AC6220015F18B /* CALayer+Extension.swift in Sources */,
				FD5BDB4C22F2822800FA2325 /* LayoutTargetable.swift in Sources */,
				9D4B42192140F85200568229 /* MaterialIcons.swift in Sources */,
				9DAB83052137CB1400528DBB /* UIButton+Extension.swift in Sources */,
				FD7D621722F02E3E00D1891B /* LayoutRelation.swift in Sources */,
				9D16B64620E5FCE0008AE489 /* JJCompatible.swift in Sources */,
				FD7D620D22F00F7600D1891B /* LayoutBuilder.swift in Sources */,
				9D16B64B20E5FDDF008AE489 /* Configable.swift in Sources */,
				FD99B80F22FA5E2900CEC17C /* CollectionViewBuilder.swift in Sources */,
				5EA4606220A18DA20005AAA5 /* AppDelegate.swift in Sources */,
				FD7E023522F9575F005E178F /* TableViewBuilder.swift in Sources */,
				FD7D621322F01BCC00D1891B /* LayoutBuilderExtendable.swift in Sources */,
				9D16B64D20E5FE05008AE489 /* UIApplication+Extension.swift in Sources */,
				FD7D620B22F00E6E00D1891B /* Layout.swift in Sources */,
				9D793B3621AFDAA8004FE8D1 /* Codable+Extensions.swift in Sources */,
				FD15868E22F3C16800AEC405 /* LayoutResultExtendable.swift in Sources */,
				FD7A95DB22F184A0004E8CC8 /* LayoutBuilderDescribe.swift in Sources */,
				9D96BFE0210AC47D0015F18B /* JJCycleView.swift in Sources */,
				5EA4607A20A19C160005AAA5 /* PlaceholderTextView.swift in Sources */,
				FD5BDB5822F2B51900FA2325 /* LayoutRelationValueable.swift in Sources */,
			);
			runOnlyForDeploymentPostprocessing = 0;
		};
/* End PBXSourcesBuildPhase section */

/* Begin PBXVariantGroup section */
		5EA4606A20A18DAC0005AAA5 /* LaunchScreen.storyboard */ = {
			isa = PBXVariantGroup;
			children = (
				5EA4606B20A18DAC0005AAA5 /* Base */,
			);
			name = LaunchScreen.storyboard;
			sourceTree = "<group>";
		};
/* End PBXVariantGroup section */

/* Begin XCBuildConfiguration section */
		5EA4606E20A18DAC0005AAA5 /* Debug */ = {
			isa = XCBuildConfiguration;
			buildSettings = {
				ALWAYS_SEARCH_USER_PATHS = NO;
				CLANG_ANALYZER_NONNULL = YES;
				CLANG_ANALYZER_NUMBER_OBJECT_CONVERSION = YES_AGGRESSIVE;
				CLANG_CXX_LANGUAGE_STANDARD = "gnu++14";
				CLANG_CXX_LIBRARY = "libc++";
				CLANG_ENABLE_MODULES = YES;
				CLANG_ENABLE_OBJC_ARC = YES;
				CLANG_ENABLE_OBJC_WEAK = YES;
				CLANG_WARN_BLOCK_CAPTURE_AUTORELEASING = YES;
				CLANG_WARN_BOOL_CONVERSION = YES;
				CLANG_WARN_COMMA = YES;
				CLANG_WARN_CONSTANT_CONVERSION = YES;
				CLANG_WARN_DEPRECATED_OBJC_IMPLEMENTATIONS = YES;
				CLANG_WARN_DIRECT_OBJC_ISA_USAGE = YES_ERROR;
				CLANG_WARN_DOCUMENTATION_COMMENTS = YES;
				CLANG_WARN_EMPTY_BODY = YES;
				CLANG_WARN_ENUM_CONVERSION = YES;
				CLANG_WARN_INFINITE_RECURSION = YES;
				CLANG_WARN_INT_CONVERSION = YES;
				CLANG_WARN_NON_LITERAL_NULL_CONVERSION = YES;
				CLANG_WARN_OBJC_IMPLICIT_RETAIN_SELF = YES;
				CLANG_WARN_OBJC_LITERAL_CONVERSION = YES;
				CLANG_WARN_OBJC_ROOT_CLASS = YES_ERROR;
				CLANG_WARN_RANGE_LOOP_ANALYSIS = YES;
				CLANG_WARN_STRICT_PROTOTYPES = YES;
				CLANG_WARN_SUSPICIOUS_MOVE = YES;
				CLANG_WARN_UNGUARDED_AVAILABILITY = YES_AGGRESSIVE;
				CLANG_WARN_UNREACHABLE_CODE = YES;
				CLANG_WARN__DUPLICATE_METHOD_MATCH = YES;
				CODE_SIGN_IDENTITY = "iPhone Developer";
				COPY_PHASE_STRIP = NO;
				DEBUG_INFORMATION_FORMAT = dwarf;
				ENABLE_STRICT_OBJC_MSGSEND = YES;
				ENABLE_TESTABILITY = YES;
				GCC_C_LANGUAGE_STANDARD = gnu11;
				GCC_DYNAMIC_NO_PIC = NO;
				GCC_NO_COMMON_BLOCKS = YES;
				GCC_OPTIMIZATION_LEVEL = 0;
				GCC_PREPROCESSOR_DEFINITIONS = (
					"DEBUG=1",
					"$(inherited)",
				);
				GCC_WARN_64_TO_32_BIT_CONVERSION = YES;
				GCC_WARN_ABOUT_RETURN_TYPE = YES_ERROR;
				GCC_WARN_UNDECLARED_SELECTOR = YES;
				GCC_WARN_UNINITIALIZED_AUTOS = YES_AGGRESSIVE;
				GCC_WARN_UNUSED_FUNCTION = YES;
				GCC_WARN_UNUSED_VARIABLE = YES;
				IPHONEOS_DEPLOYMENT_TARGET = 11.3;
				MTL_ENABLE_DEBUG_INFO = YES;
				ONLY_ACTIVE_ARCH = YES;
				SDKROOT = iphoneos;
				SWIFT_ACTIVE_COMPILATION_CONDITIONS = DEBUG;
				SWIFT_OPTIMIZATION_LEVEL = "-Onone";
			};
			name = Debug;
		};
		5EA4606F20A18DAC0005AAA5 /* Release */ = {
			isa = XCBuildConfiguration;
			buildSettings = {
				ALWAYS_SEARCH_USER_PATHS = NO;
				CLANG_ANALYZER_NONNULL = YES;
				CLANG_ANALYZER_NUMBER_OBJECT_CONVERSION = YES_AGGRESSIVE;
				CLANG_CXX_LANGUAGE_STANDARD = "gnu++14";
				CLANG_CXX_LIBRARY = "libc++";
				CLANG_ENABLE_MODULES = YES;
				CLANG_ENABLE_OBJC_ARC = YES;
				CLANG_ENABLE_OBJC_WEAK = YES;
				CLANG_WARN_BLOCK_CAPTURE_AUTORELEASING = YES;
				CLANG_WARN_BOOL_CONVERSION = YES;
				CLANG_WARN_COMMA = YES;
				CLANG_WARN_CONSTANT_CONVERSION = YES;
				CLANG_WARN_DEPRECATED_OBJC_IMPLEMENTATIONS = YES;
				CLANG_WARN_DIRECT_OBJC_ISA_USAGE = YES_ERROR;
				CLANG_WARN_DOCUMENTATION_COMMENTS = YES;
				CLANG_WARN_EMPTY_BODY = YES;
				CLANG_WARN_ENUM_CONVERSION = YES;
				CLANG_WARN_INFINITE_RECURSION = YES;
				CLANG_WARN_INT_CONVERSION = YES;
				CLANG_WARN_NON_LITERAL_NULL_CONVERSION = YES;
				CLANG_WARN_OBJC_IMPLICIT_RETAIN_SELF = YES;
				CLANG_WARN_OBJC_LITERAL_CONVERSION = YES;
				CLANG_WARN_OBJC_ROOT_CLASS = YES_ERROR;
				CLANG_WARN_RANGE_LOOP_ANALYSIS = YES;
				CLANG_WARN_STRICT_PROTOTYPES = YES;
				CLANG_WARN_SUSPICIOUS_MOVE = YES;
				CLANG_WARN_UNGUARDED_AVAILABILITY = YES_AGGRESSIVE;
				CLANG_WARN_UNREACHABLE_CODE = YES;
				CLANG_WARN__DUPLICATE_METHOD_MATCH = YES;
				CODE_SIGN_IDENTITY = "iPhone Developer";
				COPY_PHASE_STRIP = NO;
				DEBUG_INFORMATION_FORMAT = "dwarf-with-dsym";
				ENABLE_NS_ASSERTIONS = NO;
				ENABLE_STRICT_OBJC_MSGSEND = YES;
				GCC_C_LANGUAGE_STANDARD = gnu11;
				GCC_NO_COMMON_BLOCKS = YES;
				GCC_WARN_64_TO_32_BIT_CONVERSION = YES;
				GCC_WARN_ABOUT_RETURN_TYPE = YES_ERROR;
				GCC_WARN_UNDECLARED_SELECTOR = YES;
				GCC_WARN_UNINITIALIZED_AUTOS = YES_AGGRESSIVE;
				GCC_WARN_UNUSED_FUNCTION = YES;
				GCC_WARN_UNUSED_VARIABLE = YES;
				IPHONEOS_DEPLOYMENT_TARGET = 11.3;
				MTL_ENABLE_DEBUG_INFO = NO;
				SDKROOT = iphoneos;
				SWIFT_COMPILATION_MODE = wholemodule;
				SWIFT_OPTIMIZATION_LEVEL = "-O";
				VALIDATE_PRODUCT = YES;
			};
			name = Release;
		};
		5EA4607120A18DAC0005AAA5 /* Debug */ = {
			isa = XCBuildConfiguration;
			buildSettings = {
				ASSETCATALOG_COMPILER_APPICON_NAME = AppIcon;
				CODE_SIGN_STYLE = Automatic;
				DEVELOPMENT_TEAM = 6FYFRZ77UC;
				INFOPLIST_FILE = Demo/Info.plist;
				IPHONEOS_DEPLOYMENT_TARGET = 9.0;
				LD_RUNPATH_SEARCH_PATHS = (
					"$(inherited)",
					"@executable_path/Frameworks",
				);
				PRODUCT_BUNDLE_IDENTIFIER = com.zgjsss.JJKitDemo;
				PRODUCT_NAME = "$(TARGET_NAME)";
				SWIFT_VERSION = 5.0;
				TARGETED_DEVICE_FAMILY = "1,2";
			};
			name = Debug;
		};
		5EA4607220A18DAC0005AAA5 /* Release */ = {
			isa = XCBuildConfiguration;
			buildSettings = {
				ASSETCATALOG_COMPILER_APPICON_NAME = AppIcon;
				CODE_SIGN_STYLE = Automatic;
				DEVELOPMENT_TEAM = 6FYFRZ77UC;
				INFOPLIST_FILE = Demo/Info.plist;
				IPHONEOS_DEPLOYMENT_TARGET = 9.0;
				LD_RUNPATH_SEARCH_PATHS = (
					"$(inherited)",
					"@executable_path/Frameworks",
				);
				PRODUCT_BUNDLE_IDENTIFIER = com.zgjsss.JJKitDemo;
				PRODUCT_NAME = "$(TARGET_NAME)";
				SWIFT_VERSION = 5.0;
				TARGETED_DEVICE_FAMILY = "1,2";
			};
			name = Release;
		};
/* End XCBuildConfiguration section */

/* Begin XCConfigurationList section */
		5EA4605920A18DA10005AAA5 /* Build configuration list for PBXProject "JJKit" */ = {
			isa = XCConfigurationList;
			buildConfigurations = (
				5EA4606E20A18DAC0005AAA5 /* Debug */,
				5EA4606F20A18DAC0005AAA5 /* Release */,
			);
			defaultConfigurationIsVisible = 0;
			defaultConfigurationName = Release;
		};
		5EA4607020A18DAC0005AAA5 /* Build configuration list for PBXNativeTarget "Demo" */ = {
			isa = XCConfigurationList;
			buildConfigurations = (
				5EA4607120A18DAC0005AAA5 /* Debug */,
				5EA4607220A18DAC0005AAA5 /* Release */,
			);
			defaultConfigurationIsVisible = 0;
			defaultConfigurationName = Release;
		};
/* End XCConfigurationList section */
	};
	rootObject = 5EA4605620A18DA10005AAA5 /* Project object */;
}
