// !$*UTF8*$!
{
	archiveVersion = 1;
	classes = {
	};
	objectVersion = 56;
	objects = {

/* Begin PBXBuildFile section */
		2F7AAE962A821A9B0071B2D0 /* JJToastContainer.swift in Sources */ = {isa = PBXBuildFile; fileRef = 2F7AAE952A821A9B0071B2D0 /* JJToastContainer.swift */; };
		2F7AAE982A821C340071B2D0 /* JJBlurEffectContainer.swift in Sources */ = {isa = PBXBuildFile; fileRef = 2F7AAE972A821C340071B2D0 /* JJBlurEffectContainer.swift */; };
		2F7AAE9A2A821CBC0071B2D0 /* JJToastItemable.swift in Sources */ = {isa = PBXBuildFile; fileRef = 2F7AAE992A821CBC0071B2D0 /* JJToastItemable.swift */; };
		2F7AAE9C2A821D390071B2D0 /* JJTextToastItem.swift in Sources */ = {isa = PBXBuildFile; fileRef = 2F7AAE9B2A821D390071B2D0 /* JJTextToastItem.swift */; };
		2F7AAE9F2A821EC10071B2D0 /* UIView+Toast.swift in Sources */ = {isa = PBXBuildFile; fileRef = 2F7AAE9E2A821EC10071B2D0 /* UIView+Toast.swift */; };
		2F7AAEA12A821EE30071B2D0 /* JJToastDSL.swift in Sources */ = {isa = PBXBuildFile; fileRef = 2F7AAEA02A821EE30071B2D0 /* JJToastDSL.swift */; };
		2F7AAEA42A8227640071B2D0 /* ToastDemosController.swift in Sources */ = {isa = PBXBuildFile; fileRef = 2F7AAEA32A8227640071B2D0 /* ToastDemosController.swift */; };
		2F7AAEA62A832C790071B2D0 /* String+NSRange.swift in Sources */ = {isa = PBXBuildFile; fileRef = 2F7AAEA52A832C790071B2D0 /* String+NSRange.swift */; };
		2F7AAEA82A8335870071B2D0 /* JJToastContainerOptions.swift in Sources */ = {isa = PBXBuildFile; fileRef = 2F7AAEA72A8335870071B2D0 /* JJToastContainerOptions.swift */; };
		2F7AAEAA2A8335A00071B2D0 /* JJToastDuration.swift in Sources */ = {isa = PBXBuildFile; fileRef = 2F7AAEA92A8335A00071B2D0 /* JJToastDuration.swift */; };
		2F7AAEAC2A8336680071B2D0 /* JJToastPosition.swift in Sources */ = {isa = PBXBuildFile; fileRef = 2F7AAEAB2A8336680071B2D0 /* JJToastPosition.swift */; };
		2F7AAEAE2A8336A70071B2D0 /* JJContainerAnimator.swift in Sources */ = {isa = PBXBuildFile; fileRef = 2F7AAEAD2A8336A70071B2D0 /* JJContainerAnimator.swift */; };
		2F7AAEB22A836C3A0071B2D0 /* JJToastContaienrQueue.swift in Sources */ = {isa = PBXBuildFile; fileRef = 2F7AAEB12A836C3A0071B2D0 /* JJToastContaienrQueue.swift */; };
		2F7AAEB42A837EE30071B2D0 /* JJWeakProxy.swift in Sources */ = {isa = PBXBuildFile; fileRef = 2F7AAEB32A837EE30071B2D0 /* JJWeakProxy.swift */; };
		2F7AAEB62A84E3F80071B2D0 /* JJActivityToastItem.swift in Sources */ = {isa = PBXBuildFile; fileRef = 2F7AAEB52A84E3F80071B2D0 /* JJActivityToastItem.swift */; };
		2F7AAEB82A84E6270071B2D0 /* JJImageToastItem.swift in Sources */ = {isa = PBXBuildFile; fileRef = 2F7AAEB72A84E6270071B2D0 /* JJImageToastItem.swift */; };
		2F7AAEBA2A84E7F90071B2D0 /* JJArcrotationToastItem.swift in Sources */ = {isa = PBXBuildFile; fileRef = 2F7AAEB92A84E7F90071B2D0 /* JJArcrotationToastItem.swift */; };
		2F7AAEBC2A84F4B10071B2D0 /* JJColorfulContainer.swift in Sources */ = {isa = PBXBuildFile; fileRef = 2F7AAEBB2A84F4B10071B2D0 /* JJColorfulContainer.swift */; };
		2F7AAEBE2A84F6620071B2D0 /* JJGradientContainer.swift in Sources */ = {isa = PBXBuildFile; fileRef = 2F7AAEBD2A84F6620071B2D0 /* JJGradientContainer.swift */; };
		2F7AAEC02A84FEAB0071B2D0 /* JJMixTwoToastItem.swift in Sources */ = {isa = PBXBuildFile; fileRef = 2F7AAEBF2A84FEAB0071B2D0 /* JJMixTwoToastItem.swift */; };
		2F7AAEC22A85D3AC0071B2D0 /* JJToastState.swift in Sources */ = {isa = PBXBuildFile; fileRef = 2F7AAEC12A85D3AC0071B2D0 /* JJToastState.swift */; };
		2F7AAEC62A8628690071B2D0 /* JJToastItemOptions.swift in Sources */ = {isa = PBXBuildFile; fileRef = 2F7AAEC52A8628690071B2D0 /* JJToastItemOptions.swift */; };
		2F7AAECA2A863AF20071B2D0 /* JJToastItemIdentifiers.swift in Sources */ = {isa = PBXBuildFile; fileRef = 2F7AAEC92A863AF20071B2D0 /* JJToastItemIdentifiers.swift */; };
		2FC7F7DB2A89B6FA0019A944 /* JJSameToastItemTypeStrategy.swift in Sources */ = {isa = PBXBuildFile; fileRef = 2FC7F7DA2A89B6FA0019A944 /* JJSameToastItemTypeStrategy.swift */; };
		2FC7F7DD2A89B70A0019A944 /* JJReplaceToastWithOutAnimatorStrategy.swift in Sources */ = {isa = PBXBuildFile; fileRef = 2FC7F7DC2A89B70A0019A944 /* JJReplaceToastWithOutAnimatorStrategy.swift */; };
		2FC7F7DF2A89D54B0019A944 /* JJAddDirectlyToastStrategy.swift in Sources */ = {isa = PBXBuildFile; fileRef = 2FC7F7DE2A89D54B0019A944 /* JJAddDirectlyToastStrategy.swift */; };
		2FC7F7E12A89F7870019A944 /* JJVaryTextToastItem.swift in Sources */ = {isa = PBXBuildFile; fileRef = 2FC7F7E02A89F7870019A944 /* JJVaryTextToastItem.swift */; };
		5E594E4C28EA73E30026CCED /* PassParameterRouter.swift in Sources */ = {isa = PBXBuildFile; fileRef = 5E594E3528EA73E30026CCED /* PassParameterRouter.swift */; };
		5E594E4D28EA73E30026CCED /* BlockRouter.swift in Sources */ = {isa = PBXBuildFile; fileRef = 5E594E3628EA73E30026CCED /* BlockRouter.swift */; };
		5E594E4E28EA73E30026CCED /* SimpleRouter.swift in Sources */ = {isa = PBXBuildFile; fileRef = 5E594E3728EA73E30026CCED /* SimpleRouter.swift */; };
		5E594E4F28EA73E30026CCED /* RouterDemosController.swift in Sources */ = {isa = PBXBuildFile; fileRef = 5E594E3828EA73E30026CCED /* RouterDemosController.swift */; };
		5E594E5028EA73E30026CCED /* RootRowAction.swift in Sources */ = {isa = PBXBuildFile; fileRef = 5E594E3928EA73E30026CCED /* RootRowAction.swift */; };
		5E594E5128EA73E30026CCED /* ShowMatchRouterable.swift in Sources */ = {isa = PBXBuildFile; fileRef = 5E594E3A28EA73E30026CCED /* ShowMatchRouterable.swift */; };
		5E594E5228EA73E30026CCED /* PassParameterByUrlController.swift in Sources */ = {isa = PBXBuildFile; fileRef = 5E594E3C28EA73E30026CCED /* PassParameterByUrlController.swift */; };
		5E594E5328EA73E30026CCED /* MapBlockController.swift in Sources */ = {isa = PBXBuildFile; fileRef = 5E594E3D28EA73E30026CCED /* MapBlockController.swift */; };
		5E594E5428EA73E30026CCED /* BackBlockController.swift in Sources */ = {isa = PBXBuildFile; fileRef = 5E594E3E28EA73E30026CCED /* BackBlockController.swift */; };
		5E594E5528EA73E30026CCED /* PassParameterMixUrlAndContextController.swift in Sources */ = {isa = PBXBuildFile; fileRef = 5E594E3F28EA73E30026CCED /* PassParameterMixUrlAndContextController.swift */; };
		5E594E5628EA73E30026CCED /* AlertCenterController.swift in Sources */ = {isa = PBXBuildFile; fileRef = 5E594E4028EA73E30026CCED /* AlertCenterController.swift */; };
		5E594E5728EA73E30026CCED /* LoginController.swift in Sources */ = {isa = PBXBuildFile; fileRef = 5E594E4128EA73E30026CCED /* LoginController.swift */; };
		5E594E5828EA73E30026CCED /* FrontBlockBController.swift in Sources */ = {isa = PBXBuildFile; fileRef = 5E594E4228EA73E30026CCED /* FrontBlockBController.swift */; };
		5E594E5928EA73E30026CCED /* PassParametersForInitController.swift in Sources */ = {isa = PBXBuildFile; fileRef = 5E594E4328EA73E30026CCED /* PassParametersForInitController.swift */; };
		5E594E5A28EA73E30026CCED /* PassParameterByEnumController.swift in Sources */ = {isa = PBXBuildFile; fileRef = 5E594E4428EA73E30026CCED /* PassParameterByEnumController.swift */; };
		5E594E5B28EA73E30026CCED /* SystemPresentController.swift in Sources */ = {isa = PBXBuildFile; fileRef = 5E594E4528EA73E30026CCED /* SystemPresentController.swift */; };
		5E594E5C28EA73E30026CCED /* PushStylePresentController.swift in Sources */ = {isa = PBXBuildFile; fileRef = 5E594E4628EA73E30026CCED /* PushStylePresentController.swift */; };
		5E594E5D28EA73E30026CCED /* PassParameterByContextController.swift in Sources */ = {isa = PBXBuildFile; fileRef = 5E594E4728EA73E30026CCED /* PassParameterByContextController.swift */; };
		5E594E5E28EA73E30026CCED /* PassParameterByUrlWithQueryController.swift in Sources */ = {isa = PBXBuildFile; fileRef = 5E594E4828EA73E30026CCED /* PassParameterByUrlWithQueryController.swift */; };
		5E594E5F28EA73E30026CCED /* FrontBlockAController.swift in Sources */ = {isa = PBXBuildFile; fileRef = 5E594E4928EA73E30026CCED /* FrontBlockAController.swift */; };
		5E594E6028EA73E30026CCED /* UpdateUIWhenMatchSameController.swift in Sources */ = {isa = PBXBuildFile; fileRef = 5E594E4A28EA73E30026CCED /* UpdateUIWhenMatchSameController.swift */; };
		5E594E6128EA73E30026CCED /* SystemPushController.swift in Sources */ = {isa = PBXBuildFile; fileRef = 5E594E4B28EA73E30026CCED /* SystemPushController.swift */; };
		5E594E6A28EA8C5E0026CCED /* a-5.jpeg in Resources */ = {isa = PBXBuildFile; fileRef = 5E594E6428EA8C5E0026CCED /* a-5.jpeg */; };
		5E594E6B28EA8C5E0026CCED /* a-4.jpeg in Resources */ = {isa = PBXBuildFile; fileRef = 5E594E6528EA8C5E0026CCED /* a-4.jpeg */; };
		5E594E6C28EA8C5E0026CCED /* a-3.jpeg in Resources */ = {isa = PBXBuildFile; fileRef = 5E594E6628EA8C5E0026CCED /* a-3.jpeg */; };
		5E594E6D28EA8C5E0026CCED /* a-2.jpeg in Resources */ = {isa = PBXBuildFile; fileRef = 5E594E6728EA8C5E0026CCED /* a-2.jpeg */; };
		5E594E6E28EA8C5E0026CCED /* a-1.jpeg in Resources */ = {isa = PBXBuildFile; fileRef = 5E594E6828EA8C5E0026CCED /* a-1.jpeg */; };
		5E594E6F28EA8C5E0026CCED /* a-0.jpeg in Resources */ = {isa = PBXBuildFile; fileRef = 5E594E6928EA8C5E0026CCED /* a-0.jpeg */; };
		5E594E7128EA8CBB0026CCED /* CarouselTabbarController.swift in Sources */ = {isa = PBXBuildFile; fileRef = 5E594E7028EA8CBB0026CCED /* CarouselTabbarController.swift */; };
		5E594E7328EA8CDB0026CCED /* CarouselController.swift in Sources */ = {isa = PBXBuildFile; fileRef = 5E594E7228EA8CDB0026CCED /* CarouselController.swift */; };
		5E594E7528EA8D090026CCED /* WebCarouselView.swift in Sources */ = {isa = PBXBuildFile; fileRef = 5E594E7428EA8D090026CCED /* WebCarouselView.swift */; };
		5E594E7728EA8D150026CCED /* WebCarouselModel.swift in Sources */ = {isa = PBXBuildFile; fileRef = 5E594E7628EA8D150026CCED /* WebCarouselModel.swift */; };
		5E594E7928EA8DF10026CCED /* AddCloseNaviItemToDismissable.swift in Sources */ = {isa = PBXBuildFile; fileRef = 5E594E7828EA8DF10026CCED /* AddCloseNaviItemToDismissable.swift */; };
		5E8BCFF529EBECF1006C0777 /* Archiver.swift in Sources */ = {isa = PBXBuildFile; fileRef = 5E8BCFF429EBECF1006C0777 /* Archiver.swift */; };
		5E8BCFF829EBF88C006C0777 /* NSAttributedString+Extensions.swift in Sources */ = {isa = PBXBuildFile; fileRef = 5E8BCFF729EBF88C006C0777 /* NSAttributedString+Extensions.swift */; };
		5EA5022B29EBCD5900C06A0F /* RubyAnnotation.swift in Sources */ = {isa = PBXBuildFile; fileRef = 5EA5022A29EBCD5900C06A0F /* RubyAnnotation.swift */; };
		5EA794E729EAF46400DA83A3 /* YJText+Namespace.swift in Sources */ = {isa = PBXBuildFile; fileRef = 5EA794E629EAF46400DA83A3 /* YJText+Namespace.swift */; };
		5EA794E929EAF4A000DA83A3 /* RunDelegate.swift in Sources */ = {isa = PBXBuildFile; fileRef = 5EA794E829EAF4A000DA83A3 /* RunDelegate.swift */; };
		5ECDF51228E827D7007BF43F /* UIImage+MemoryCache.swift in Sources */ = {isa = PBXBuildFile; fileRef = 5ECDF51128E827D7007BF43F /* UIImage+MemoryCache.swift */; };
		9D073B0F28E6883100D7B42A /* AppDelegate.swift in Sources */ = {isa = PBXBuildFile; fileRef = 9D073B0E28E6883100D7B42A /* AppDelegate.swift */; };
		9D073B1328E6883100D7B42A /* ViewController.swift in Sources */ = {isa = PBXBuildFile; fileRef = 9D073B1228E6883100D7B42A /* ViewController.swift */; };
		9D073B1828E6883200D7B42A /* Assets.xcassets in Resources */ = {isa = PBXBuildFile; fileRef = 9D073B1728E6883200D7B42A /* Assets.xcassets */; };
		9D073B1B28E6883200D7B42A /* LaunchScreen.storyboard in Resources */ = {isa = PBXBuildFile; fileRef = 9D073B1928E6883200D7B42A /* LaunchScreen.storyboard */; };
		9D073B2628E68CD000D7B42A /* JJBox.swift in Sources */ = {isa = PBXBuildFile; fileRef = 9D073B2528E68CD000D7B42A /* JJBox.swift */; };
		9D073B2828E6909000D7B42A /* UIApplication+Extension.swift in Sources */ = {isa = PBXBuildFile; fileRef = 9D073B2728E6909000D7B42A /* UIApplication+Extension.swift */; };
		9D073B2C28E6935600D7B42A /* UIImage+Extension.swift in Sources */ = {isa = PBXBuildFile; fileRef = 9D073B2B28E6935600D7B42A /* UIImage+Extension.swift */; };
		9D073B2E28E6973000D7B42A /* UIColor+Extension.swift in Sources */ = {isa = PBXBuildFile; fileRef = 9D073B2D28E6973000D7B42A /* UIColor+Extension.swift */; };
		9D073B3028E697E200D7B42A /* UIView+Frame.swift in Sources */ = {isa = PBXBuildFile; fileRef = 9D073B2F28E697E200D7B42A /* UIView+Frame.swift */; };
		9D073B3228E69B5300D7B42A /* CALayer+Frame.swift in Sources */ = {isa = PBXBuildFile; fileRef = 9D073B3128E69B5300D7B42A /* CALayer+Frame.swift */; };
		9D073B3428E6AB8700D7B42A /* UIImage+Filter.swift in Sources */ = {isa = PBXBuildFile; fileRef = 9D073B3328E6AB8700D7B42A /* UIImage+Filter.swift */; };
		9D073B3728E6AF6A00D7B42A /* JJRouter.swift in Sources */ = {isa = PBXBuildFile; fileRef = 9D073B3628E6AF6A00D7B42A /* JJRouter.swift */; };
		9D073B3928E6AF8E00D7B42A /* RouterSource.swift in Sources */ = {isa = PBXBuildFile; fileRef = 9D073B3828E6AF8E00D7B42A /* RouterSource.swift */; };
		9D073B3B28E6AFB300D7B42A /* RouterDestination.swift in Sources */ = {isa = PBXBuildFile; fileRef = 9D073B3A28E6AFB300D7B42A /* RouterDestination.swift */; };
		9D073B3F28E6AFDD00D7B42A /* RouteMatchResult.swift in Sources */ = {isa = PBXBuildFile; fileRef = 9D073B3E28E6AFDD00D7B42A /* RouteMatchResult.swift */; };
		9D073B4128E6AFE800D7B42A /* RouteMatchResultSource.swift in Sources */ = {isa = PBXBuildFile; fileRef = 9D073B4028E6AFE800D7B42A /* RouteMatchResultSource.swift */; };
		9D073B4328E6AFF600D7B42A /* RouterMatchResult.swift in Sources */ = {isa = PBXBuildFile; fileRef = 9D073B4228E6AFF600D7B42A /* RouterMatchResult.swift */; };
		9D073B4528E6B00500D7B42A /* RouterOpenSuccess.swift in Sources */ = {isa = PBXBuildFile; fileRef = 9D073B4428E6B00500D7B42A /* RouterOpenSuccess.swift */; };
		9D073B4728E6B01200D7B42A /* RouterOpenFailure.swift in Sources */ = {isa = PBXBuildFile; fileRef = 9D073B4628E6B01200D7B42A /* RouterOpenFailure.swift */; };
		9D073B4928E6B02300D7B42A /* MatchedSameRouterAction.swift in Sources */ = {isa = PBXBuildFile; fileRef = 9D073B4828E6B02300D7B42A /* MatchedSameRouterAction.swift */; };
		9D073B4B28E6B02F00D7B42A /* RouteScanner.swift in Sources */ = {isa = PBXBuildFile; fileRef = 9D073B4A28E6B02F00D7B42A /* RouteScanner.swift */; };
		9D073B4D28E6B04000D7B42A /* RouteScanTerminal.swift in Sources */ = {isa = PBXBuildFile; fileRef = 9D073B4C28E6B04000D7B42A /* RouteScanTerminal.swift */; };
		9D073B4F28E6B04C00D7B42A /* RoutingPatternToken.swift in Sources */ = {isa = PBXBuildFile; fileRef = 9D073B4E28E6B04C00D7B42A /* RoutingPatternToken.swift */; };
		9D073B5128E6B05900D7B42A /* PatternTokenBuilder.swift in Sources */ = {isa = PBXBuildFile; fileRef = 9D073B5028E6B05900D7B42A /* PatternTokenBuilder.swift */; };
		9D073B5328E6B06800D7B42A /* Route.swift in Sources */ = {isa = PBXBuildFile; fileRef = 9D073B5228E6B06800D7B42A /* Route.swift */; };
		9D073B5528E6B07700D7B42A /* Routes.swift in Sources */ = {isa = PBXBuildFile; fileRef = 9D073B5428E6B07700D7B42A /* Routes.swift */; };
		9D073B5728E6B08400D7B42A /* SyncRoutes.swift in Sources */ = {isa = PBXBuildFile; fileRef = 9D073B5628E6B08400D7B42A /* SyncRoutes.swift */; };
		9D073B5B28E6B92300D7B42A /* JJAlertPresentationController.swift in Sources */ = {isa = PBXBuildFile; fileRef = 9D073B5A28E6B92300D7B42A /* JJAlertPresentationController.swift */; };
		9D073B5D28E6B94D00D7B42A /* JJAlertPresentationContext.swift in Sources */ = {isa = PBXBuildFile; fileRef = 9D073B5C28E6B94D00D7B42A /* JJAlertPresentationContext.swift */; };
		9D073B5F28E6B96800D7B42A /* JJAlertPresentationContext+Default.swift in Sources */ = {isa = PBXBuildFile; fileRef = 9D073B5E28E6B96800D7B42A /* JJAlertPresentationContext+Default.swift */; };
		9D073B6228E6BACB00D7B42A /* JJPushPopPresentTransition.swift in Sources */ = {isa = PBXBuildFile; fileRef = 9D073B6128E6BACB00D7B42A /* JJPushPopPresentTransition.swift */; };
		9D073B6428E6BB1E00D7B42A /* JJPushPopStylePresentDelegate.swift in Sources */ = {isa = PBXBuildFile; fileRef = 9D073B6328E6BB1E00D7B42A /* JJPushPopStylePresentDelegate.swift */; };
		9D073B6628E6BB6700D7B42A /* JJPushPopPresentTransitionDelegate.swift in Sources */ = {isa = PBXBuildFile; fileRef = 9D073B6528E6BB6700D7B42A /* JJPushPopPresentTransitionDelegate.swift */; };
		9D073B6828E6BBB100D7B42A /* JJPushPopPresentAnimator.swift in Sources */ = {isa = PBXBuildFile; fileRef = 9D073B6728E6BBB100D7B42A /* JJPushPopPresentAnimator.swift */; };
		9D073B6C28E6BE7D00D7B42A /* UIControl+Extension.swift in Sources */ = {isa = PBXBuildFile; fileRef = 9D073B6B28E6BE7D00D7B42A /* UIControl+Extension.swift */; };
		9D073B6E28E6BFA400D7B42A /* UIGesture+Extension.swift in Sources */ = {isa = PBXBuildFile; fileRef = 9D073B6D28E6BFA400D7B42A /* UIGesture+Extension.swift */; };
		9D073B7028E6C09B00D7B42A /* UIBarButtonItem+Extension.swift in Sources */ = {isa = PBXBuildFile; fileRef = 9D073B6F28E6C09B00D7B42A /* UIBarButtonItem+Extension.swift */; };
		9D073B7228E6C0E400D7B42A /* Date+Extension.swift in Sources */ = {isa = PBXBuildFile; fileRef = 9D073B7128E6C0E400D7B42A /* Date+Extension.swift */; };
		9D073B7428E6CC7C00D7B42A /* UIImage+Shape.swift in Sources */ = {isa = PBXBuildFile; fileRef = 9D073B7328E6CC7C00D7B42A /* UIImage+Shape.swift */; };
		9D073B7628E6D1CA00D7B42A /* String+Extension.swift in Sources */ = {isa = PBXBuildFile; fileRef = 9D073B7528E6D1CA00D7B42A /* String+Extension.swift */; };
		9D073B7828E6DC2800D7B42A /* Collection+SafeIndex.swift in Sources */ = {isa = PBXBuildFile; fileRef = 9D073B7728E6DC2800D7B42A /* Collection+SafeIndex.swift */; };
		9D073B7A28E6DD2200D7B42A /* ReusableViewExtension.swift in Sources */ = {isa = PBXBuildFile; fileRef = 9D073B7928E6DD2200D7B42A /* ReusableViewExtension.swift */; };
		9D073B7C28E6DE7E00D7B42A /* UITextInput+Limit.swift in Sources */ = {isa = PBXBuildFile; fileRef = 9D073B7B28E6DE7E00D7B42A /* UITextInput+Limit.swift */; };
		9D073B8128E6E45000D7B42A /* JJCarousel+namespace.swift in Sources */ = {isa = PBXBuildFile; fileRef = 9D073B8028E6E45000D7B42A /* JJCarousel+namespace.swift */; };
		9D073B8328E6E45B00D7B42A /* JJCarouselView.swift in Sources */ = {isa = PBXBuildFile; fileRef = 9D073B8228E6E45B00D7B42A /* JJCarouselView.swift */; };
		9D073B8528E6E46D00D7B42A /* JJCarouselStyle.swift in Sources */ = {isa = PBXBuildFile; fileRef = 9D073B8428E6E46D00D7B42A /* JJCarouselStyle.swift */; };
		9D073B8728E6E47D00D7B42A /* JJCarouselDirection.swift in Sources */ = {isa = PBXBuildFile; fileRef = 9D073B8628E6E47D00D7B42A /* JJCarouselDirection.swift */; };
		9D073B8928E6E48A00D7B42A /* JJCarouselConfig.swift in Sources */ = {isa = PBXBuildFile; fileRef = 9D073B8828E6E48A00D7B42A /* JJCarouselConfig.swift */; };
		9D073B8B28E6E49700D7B42A /* JJCarouselEvent.swift in Sources */ = {isa = PBXBuildFile; fileRef = 9D073B8A28E6E49700D7B42A /* JJCarouselEvent.swift */; };
		9D073B8D28E6E4A700D7B42A /* JJCarouselContainerView.swift in Sources */ = {isa = PBXBuildFile; fileRef = 9D073B8C28E6E4A700D7B42A /* JJCarouselContainerView.swift */; };
		9D073B8F28E6E4B700D7B42A /* JJCarouselViewPageable.swift in Sources */ = {isa = PBXBuildFile; fileRef = 9D073B8E28E6E4B700D7B42A /* JJCarouselViewPageable.swift */; };
		9D073B9128E6E4C400D7B42A /* CellContainer.swift in Sources */ = {isa = PBXBuildFile; fileRef = 9D073B9028E6E4C400D7B42A /* CellContainer.swift */; };
		9D073B9728E6E52200D7B42A /* FullCarouselContainerView.swift in Sources */ = {isa = PBXBuildFile; fileRef = 9D073B9628E6E52200D7B42A /* FullCarouselContainerView.swift */; };
		9D073B9A28E6E54800D7B42A /* JJCarouselHiddenPageView.swift in Sources */ = {isa = PBXBuildFile; fileRef = 9D073B9928E6E54800D7B42A /* JJCarouselHiddenPageView.swift */; };
		9D073B9C28E6E55600D7B42A /* JJCarouselDotPageView.swift in Sources */ = {isa = PBXBuildFile; fileRef = 9D073B9B28E6E55600D7B42A /* JJCarouselDotPageView.swift */; };
		9D073B9E28E6E56400D7B42A /* JJCarouselNumberPageView.swift in Sources */ = {isa = PBXBuildFile; fileRef = 9D073B9D28E6E56400D7B42A /* JJCarouselNumberPageView.swift */; };
		9D14900429078D160068A15F /* IdeaController.swift in Sources */ = {isa = PBXBuildFile; fileRef = 9D14900329078D160068A15F /* IdeaController.swift */; };
		9D3390A628F2C1E4004B9CF2 /* shape_image_demo.png in Resources */ = {isa = PBXBuildFile; fileRef = 9D3390A528F2C1E4004B9CF2 /* shape_image_demo.png */; };
		9D602A1828F118FF00E9D429 /* ExtensionDemosController.swift in Sources */ = {isa = PBXBuildFile; fileRef = 9D602A1728F118FF00E9D429 /* ExtensionDemosController.swift */; };
		9D602A1A28F1196900E9D429 /* DemoRouter.swift in Sources */ = {isa = PBXBuildFile; fileRef = 9D602A1928F1196900E9D429 /* DemoRouter.swift */; };
		9D602A1C28F11F3800E9D429 /* ExtensionRouter.swift in Sources */ = {isa = PBXBuildFile; fileRef = 9D602A1B28F11F3800E9D429 /* ExtensionRouter.swift */; };
		9D602A1E28F11F7100E9D429 /* AttributMakerDemoController.swift in Sources */ = {isa = PBXBuildFile; fileRef = 9D602A1D28F11F7100E9D429 /* AttributMakerDemoController.swift */; };
		9D602A2028F1542E00E9D429 /* UIImageRenderController.swift in Sources */ = {isa = PBXBuildFile; fileRef = 9D602A1F28F1542E00E9D429 /* UIImageRenderController.swift */; };
		9D602A2228F1552A00E9D429 /* ColorImageDemoController.swift in Sources */ = {isa = PBXBuildFile; fileRef = 9D602A2128F1552A00E9D429 /* ColorImageDemoController.swift */; };
		9D602A2428F15E4C00E9D429 /* FilterImageDemoController.swift in Sources */ = {isa = PBXBuildFile; fileRef = 9D602A2328F15E4C00E9D429 /* FilterImageDemoController.swift */; };
		9D602A2628F1708B00E9D429 /* ShapeImageDemoController.swift in Sources */ = {isa = PBXBuildFile; fileRef = 9D602A2528F1708B00E9D429 /* ShapeImageDemoController.swift */; };
		9D62D1A529C8261E009B79E2 /* JJChildrenDisplayDriver.swift in Sources */ = {isa = PBXBuildFile; fileRef = 9D62D1A429C8261E009B79E2 /* JJChildrenDisplayDriver.swift */; };
		9D7F33712910F73E0055B08F /* FirstViewController.swift in Sources */ = {isa = PBXBuildFile; fileRef = 9D7F33702910F73E0055B08F /* FirstViewController.swift */; };
		9D94B8D729065A4D00D06306 /* HelpForHashController.swift in Sources */ = {isa = PBXBuildFile; fileRef = 9D94B8D629065A4D00D06306 /* HelpForHashController.swift */; };
		AFC0E8441AC42D6870DC7812 /* Pods_Demo.framework in Frameworks */ = {isa = PBXBuildFile; fileRef = 27818B47D8E551B90C4BFF5F /* Pods_Demo.framework */; };
/* End PBXBuildFile section */

/* Begin PBXFileReference section */
		27818B47D8E551B90C4BFF5F /* Pods_Demo.framework */ = {isa = PBXFileReference; explicitFileType = wrapper.framework; includeInIndex = 0; path = Pods_Demo.framework; sourceTree = BUILT_PRODUCTS_DIR; };
		2F7AAE952A821A9B0071B2D0 /* JJToastContainer.swift */ = {isa = PBXFileReference; lastKnownFileType = sourcecode.swift; path = JJToastContainer.swift; sourceTree = "<group>"; };
		2F7AAE972A821C340071B2D0 /* JJBlurEffectContainer.swift */ = {isa = PBXFileReference; lastKnownFileType = sourcecode.swift; path = JJBlurEffectContainer.swift; sourceTree = "<group>"; };
		2F7AAE992A821CBC0071B2D0 /* JJToastItemable.swift */ = {isa = PBXFileReference; lastKnownFileType = sourcecode.swift; path = JJToastItemable.swift; sourceTree = "<group>"; };
		2F7AAE9B2A821D390071B2D0 /* JJTextToastItem.swift */ = {isa = PBXFileReference; lastKnownFileType = sourcecode.swift; path = JJTextToastItem.swift; sourceTree = "<group>"; };
		2F7AAE9D2A821DBE0071B2D0 /* zh-Hans */ = {isa = PBXFileReference; lastKnownFileType = text.plist.strings; name = "zh-Hans"; path = "zh-Hans.lproj/LaunchScreen.strings"; sourceTree = "<group>"; };
		2F7AAE9E2A821EC10071B2D0 /* UIView+Toast.swift */ = {isa = PBXFileReference; lastKnownFileType = sourcecode.swift; path = "UIView+Toast.swift"; sourceTree = "<group>"; };
		2F7AAEA02A821EE30071B2D0 /* JJToastDSL.swift */ = {isa = PBXFileReference; lastKnownFileType = sourcecode.swift; path = JJToastDSL.swift; sourceTree = "<group>"; };
		2F7AAEA32A8227640071B2D0 /* ToastDemosController.swift */ = {isa = PBXFileReference; lastKnownFileType = sourcecode.swift; path = ToastDemosController.swift; sourceTree = "<group>"; };
		2F7AAEA52A832C790071B2D0 /* String+NSRange.swift */ = {isa = PBXFileReference; lastKnownFileType = sourcecode.swift; path = "String+NSRange.swift"; sourceTree = "<group>"; };
		2F7AAEA72A8335870071B2D0 /* JJToastContainerOptions.swift */ = {isa = PBXFileReference; lastKnownFileType = sourcecode.swift; path = JJToastContainerOptions.swift; sourceTree = "<group>"; };
		2F7AAEA92A8335A00071B2D0 /* JJToastDuration.swift */ = {isa = PBXFileReference; lastKnownFileType = sourcecode.swift; path = JJToastDuration.swift; sourceTree = "<group>"; };
		2F7AAEAB2A8336680071B2D0 /* JJToastPosition.swift */ = {isa = PBXFileReference; lastKnownFileType = sourcecode.swift; path = JJToastPosition.swift; sourceTree = "<group>"; };
		2F7AAEAD2A8336A70071B2D0 /* JJContainerAnimator.swift */ = {isa = PBXFileReference; lastKnownFileType = sourcecode.swift; path = JJContainerAnimator.swift; sourceTree = "<group>"; };
		2F7AAEB12A836C3A0071B2D0 /* JJToastContaienrQueue.swift */ = {isa = PBXFileReference; lastKnownFileType = sourcecode.swift; path = JJToastContaienrQueue.swift; sourceTree = "<group>"; };
		2F7AAEB32A837EE30071B2D0 /* JJWeakProxy.swift */ = {isa = PBXFileReference; lastKnownFileType = sourcecode.swift; path = JJWeakProxy.swift; sourceTree = "<group>"; };
		2F7AAEB52A84E3F80071B2D0 /* JJActivityToastItem.swift */ = {isa = PBXFileReference; lastKnownFileType = sourcecode.swift; path = JJActivityToastItem.swift; sourceTree = "<group>"; };
		2F7AAEB72A84E6270071B2D0 /* JJImageToastItem.swift */ = {isa = PBXFileReference; lastKnownFileType = sourcecode.swift; path = JJImageToastItem.swift; sourceTree = "<group>"; };
		2F7AAEB92A84E7F90071B2D0 /* JJArcrotationToastItem.swift */ = {isa = PBXFileReference; lastKnownFileType = sourcecode.swift; path = JJArcrotationToastItem.swift; sourceTree = "<group>"; };
		2F7AAEBB2A84F4B10071B2D0 /* JJColorfulContainer.swift */ = {isa = PBXFileReference; lastKnownFileType = sourcecode.swift; path = JJColorfulContainer.swift; sourceTree = "<group>"; };
		2F7AAEBD2A84F6620071B2D0 /* JJGradientContainer.swift */ = {isa = PBXFileReference; lastKnownFileType = sourcecode.swift; path = JJGradientContainer.swift; sourceTree = "<group>"; };
		2F7AAEBF2A84FEAB0071B2D0 /* JJMixTwoToastItem.swift */ = {isa = PBXFileReference; lastKnownFileType = sourcecode.swift; path = JJMixTwoToastItem.swift; sourceTree = "<group>"; };
		2F7AAEC12A85D3AC0071B2D0 /* JJToastState.swift */ = {isa = PBXFileReference; lastKnownFileType = sourcecode.swift; path = JJToastState.swift; sourceTree = "<group>"; };
		2F7AAEC52A8628690071B2D0 /* JJToastItemOptions.swift */ = {isa = PBXFileReference; lastKnownFileType = sourcecode.swift; path = JJToastItemOptions.swift; sourceTree = "<group>"; };
		2F7AAEC92A863AF20071B2D0 /* JJToastItemIdentifiers.swift */ = {isa = PBXFileReference; lastKnownFileType = sourcecode.swift; path = JJToastItemIdentifiers.swift; sourceTree = "<group>"; };
		2FC7F7DA2A89B6FA0019A944 /* JJSameToastItemTypeStrategy.swift */ = {isa = PBXFileReference; lastKnownFileType = sourcecode.swift; path = JJSameToastItemTypeStrategy.swift; sourceTree = "<group>"; };
		2FC7F7DC2A89B70A0019A944 /* JJReplaceToastWithOutAnimatorStrategy.swift */ = {isa = PBXFileReference; lastKnownFileType = sourcecode.swift; path = JJReplaceToastWithOutAnimatorStrategy.swift; sourceTree = "<group>"; };
		2FC7F7DE2A89D54B0019A944 /* JJAddDirectlyToastStrategy.swift */ = {isa = PBXFileReference; lastKnownFileType = sourcecode.swift; path = JJAddDirectlyToastStrategy.swift; sourceTree = "<group>"; };
		2FC7F7E02A89F7870019A944 /* JJVaryTextToastItem.swift */ = {isa = PBXFileReference; lastKnownFileType = sourcecode.swift; path = JJVaryTextToastItem.swift; sourceTree = "<group>"; };
		5E594E3528EA73E30026CCED /* PassParameterRouter.swift */ = {isa = PBXFileReference; fileEncoding = 4; lastKnownFileType = sourcecode.swift; path = PassParameterRouter.swift; sourceTree = "<group>"; };
		5E594E3628EA73E30026CCED /* BlockRouter.swift */ = {isa = PBXFileReference; fileEncoding = 4; lastKnownFileType = sourcecode.swift; path = BlockRouter.swift; sourceTree = "<group>"; };
		5E594E3728EA73E30026CCED /* SimpleRouter.swift */ = {isa = PBXFileReference; fileEncoding = 4; lastKnownFileType = sourcecode.swift; path = SimpleRouter.swift; sourceTree = "<group>"; };
		5E594E3828EA73E30026CCED /* RouterDemosController.swift */ = {isa = PBXFileReference; fileEncoding = 4; lastKnownFileType = sourcecode.swift; path = RouterDemosController.swift; sourceTree = "<group>"; };
		5E594E3928EA73E30026CCED /* RootRowAction.swift */ = {isa = PBXFileReference; fileEncoding = 4; lastKnownFileType = sourcecode.swift; path = RootRowAction.swift; sourceTree = "<group>"; };
		5E594E3A28EA73E30026CCED /* ShowMatchRouterable.swift */ = {isa = PBXFileReference; fileEncoding = 4; lastKnownFileType = sourcecode.swift; path = ShowMatchRouterable.swift; sourceTree = "<group>"; };
		5E594E3C28EA73E30026CCED /* PassParameterByUrlController.swift */ = {isa = PBXFileReference; fileEncoding = 4; lastKnownFileType = sourcecode.swift; path = PassParameterByUrlController.swift; sourceTree = "<group>"; };
		5E594E3D28EA73E30026CCED /* MapBlockController.swift */ = {isa = PBXFileReference; fileEncoding = 4; lastKnownFileType = sourcecode.swift; path = MapBlockController.swift; sourceTree = "<group>"; };
		5E594E3E28EA73E30026CCED /* BackBlockController.swift */ = {isa = PBXFileReference; fileEncoding = 4; lastKnownFileType = sourcecode.swift; path = BackBlockController.swift; sourceTree = "<group>"; };
		5E594E3F28EA73E30026CCED /* PassParameterMixUrlAndContextController.swift */ = {isa = PBXFileReference; fileEncoding = 4; lastKnownFileType = sourcecode.swift; path = PassParameterMixUrlAndContextController.swift; sourceTree = "<group>"; };
		5E594E4028EA73E30026CCED /* AlertCenterController.swift */ = {isa = PBXFileReference; fileEncoding = 4; lastKnownFileType = sourcecode.swift; path = AlertCenterController.swift; sourceTree = "<group>"; };
		5E594E4128EA73E30026CCED /* LoginController.swift */ = {isa = PBXFileReference; fileEncoding = 4; lastKnownFileType = sourcecode.swift; path = LoginController.swift; sourceTree = "<group>"; };
		5E594E4228EA73E30026CCED /* FrontBlockBController.swift */ = {isa = PBXFileReference; fileEncoding = 4; lastKnownFileType = sourcecode.swift; path = FrontBlockBController.swift; sourceTree = "<group>"; };
		5E594E4328EA73E30026CCED /* PassParametersForInitController.swift */ = {isa = PBXFileReference; fileEncoding = 4; lastKnownFileType = sourcecode.swift; path = PassParametersForInitController.swift; sourceTree = "<group>"; };
		5E594E4428EA73E30026CCED /* PassParameterByEnumController.swift */ = {isa = PBXFileReference; fileEncoding = 4; lastKnownFileType = sourcecode.swift; path = PassParameterByEnumController.swift; sourceTree = "<group>"; };
		5E594E4528EA73E30026CCED /* SystemPresentController.swift */ = {isa = PBXFileReference; fileEncoding = 4; lastKnownFileType = sourcecode.swift; path = SystemPresentController.swift; sourceTree = "<group>"; };
		5E594E4628EA73E30026CCED /* PushStylePresentController.swift */ = {isa = PBXFileReference; fileEncoding = 4; lastKnownFileType = sourcecode.swift; path = PushStylePresentController.swift; sourceTree = "<group>"; };
		5E594E4728EA73E30026CCED /* PassParameterByContextController.swift */ = {isa = PBXFileReference; fileEncoding = 4; lastKnownFileType = sourcecode.swift; path = PassParameterByContextController.swift; sourceTree = "<group>"; };
		5E594E4828EA73E30026CCED /* PassParameterByUrlWithQueryController.swift */ = {isa = PBXFileReference; fileEncoding = 4; lastKnownFileType = sourcecode.swift; path = PassParameterByUrlWithQueryController.swift; sourceTree = "<group>"; };
		5E594E4928EA73E30026CCED /* FrontBlockAController.swift */ = {isa = PBXFileReference; fileEncoding = 4; lastKnownFileType = sourcecode.swift; path = FrontBlockAController.swift; sourceTree = "<group>"; };
		5E594E4A28EA73E30026CCED /* UpdateUIWhenMatchSameController.swift */ = {isa = PBXFileReference; fileEncoding = 4; lastKnownFileType = sourcecode.swift; path = UpdateUIWhenMatchSameController.swift; sourceTree = "<group>"; };
		5E594E4B28EA73E30026CCED /* SystemPushController.swift */ = {isa = PBXFileReference; fileEncoding = 4; lastKnownFileType = sourcecode.swift; path = SystemPushController.swift; sourceTree = "<group>"; };
		5E594E6428EA8C5E0026CCED /* a-5.jpeg */ = {isa = PBXFileReference; lastKnownFileType = image.jpeg; path = "a-5.jpeg"; sourceTree = "<group>"; };
		5E594E6528EA8C5E0026CCED /* a-4.jpeg */ = {isa = PBXFileReference; lastKnownFileType = image.jpeg; path = "a-4.jpeg"; sourceTree = "<group>"; };
		5E594E6628EA8C5E0026CCED /* a-3.jpeg */ = {isa = PBXFileReference; lastKnownFileType = image.jpeg; path = "a-3.jpeg"; sourceTree = "<group>"; };
		5E594E6728EA8C5E0026CCED /* a-2.jpeg */ = {isa = PBXFileReference; lastKnownFileType = image.jpeg; path = "a-2.jpeg"; sourceTree = "<group>"; };
		5E594E6828EA8C5E0026CCED /* a-1.jpeg */ = {isa = PBXFileReference; lastKnownFileType = image.jpeg; path = "a-1.jpeg"; sourceTree = "<group>"; };
		5E594E6928EA8C5E0026CCED /* a-0.jpeg */ = {isa = PBXFileReference; lastKnownFileType = image.jpeg; path = "a-0.jpeg"; sourceTree = "<group>"; };
		5E594E7028EA8CBB0026CCED /* CarouselTabbarController.swift */ = {isa = PBXFileReference; lastKnownFileType = sourcecode.swift; path = CarouselTabbarController.swift; sourceTree = "<group>"; };
		5E594E7228EA8CDB0026CCED /* CarouselController.swift */ = {isa = PBXFileReference; lastKnownFileType = sourcecode.swift; path = CarouselController.swift; sourceTree = "<group>"; };
		5E594E7428EA8D090026CCED /* WebCarouselView.swift */ = {isa = PBXFileReference; lastKnownFileType = sourcecode.swift; path = WebCarouselView.swift; sourceTree = "<group>"; };
		5E594E7628EA8D150026CCED /* WebCarouselModel.swift */ = {isa = PBXFileReference; lastKnownFileType = sourcecode.swift; path = WebCarouselModel.swift; sourceTree = "<group>"; };
		5E594E7828EA8DF10026CCED /* AddCloseNaviItemToDismissable.swift */ = {isa = PBXFileReference; lastKnownFileType = sourcecode.swift; path = AddCloseNaviItemToDismissable.swift; sourceTree = "<group>"; };
		5E8BCFF429EBECF1006C0777 /* Archiver.swift */ = {isa = PBXFileReference; lastKnownFileType = sourcecode.swift; path = Archiver.swift; sourceTree = "<group>"; };
		5E8BCFF729EBF88C006C0777 /* NSAttributedString+Extensions.swift */ = {isa = PBXFileReference; lastKnownFileType = sourcecode.swift; path = "NSAttributedString+Extensions.swift"; sourceTree = "<group>"; };
		5EA5022A29EBCD5900C06A0F /* RubyAnnotation.swift */ = {isa = PBXFileReference; lastKnownFileType = sourcecode.swift; path = RubyAnnotation.swift; sourceTree = "<group>"; };
		5EA794E629EAF46400DA83A3 /* YJText+Namespace.swift */ = {isa = PBXFileReference; lastKnownFileType = sourcecode.swift; path = "YJText+Namespace.swift"; sourceTree = "<group>"; };
		5EA794E829EAF4A000DA83A3 /* RunDelegate.swift */ = {isa = PBXFileReference; lastKnownFileType = sourcecode.swift; path = RunDelegate.swift; sourceTree = "<group>"; };
		5ECDF51128E827D7007BF43F /* UIImage+MemoryCache.swift */ = {isa = PBXFileReference; lastKnownFileType = sourcecode.swift; path = "UIImage+MemoryCache.swift"; sourceTree = "<group>"; };
		87B165928D99EF25A5DA9F41 /* Pods-Demo.debug.xcconfig */ = {isa = PBXFileReference; includeInIndex = 1; lastKnownFileType = text.xcconfig; name = "Pods-Demo.debug.xcconfig"; path = "Target Support Files/Pods-Demo/Pods-Demo.debug.xcconfig"; sourceTree = "<group>"; };
		9D073B0B28E6883100D7B42A /* Demo.app */ = {isa = PBXFileReference; explicitFileType = wrapper.application; includeInIndex = 0; path = Demo.app; sourceTree = BUILT_PRODUCTS_DIR; };
		9D073B0E28E6883100D7B42A /* AppDelegate.swift */ = {isa = PBXFileReference; lastKnownFileType = sourcecode.swift; path = AppDelegate.swift; sourceTree = "<group>"; };
		9D073B1228E6883100D7B42A /* ViewController.swift */ = {isa = PBXFileReference; lastKnownFileType = sourcecode.swift; path = ViewController.swift; sourceTree = "<group>"; };
		9D073B1728E6883200D7B42A /* Assets.xcassets */ = {isa = PBXFileReference; lastKnownFileType = folder.assetcatalog; path = Assets.xcassets; sourceTree = "<group>"; };
		9D073B1A28E6883200D7B42A /* Base */ = {isa = PBXFileReference; lastKnownFileType = file.storyboard; name = Base; path = Base.lproj/LaunchScreen.storyboard; sourceTree = "<group>"; };
		9D073B1C28E6883200D7B42A /* Info.plist */ = {isa = PBXFileReference; lastKnownFileType = text.plist.xml; path = Info.plist; sourceTree = "<group>"; };
		9D073B2528E68CD000D7B42A /* JJBox.swift */ = {isa = PBXFileReference; lastKnownFileType = sourcecode.swift; path = JJBox.swift; sourceTree = "<group>"; };
		9D073B2728E6909000D7B42A /* UIApplication+Extension.swift */ = {isa = PBXFileReference; lastKnownFileType = sourcecode.swift; path = "UIApplication+Extension.swift"; sourceTree = "<group>"; };
		9D073B2B28E6935600D7B42A /* UIImage+Extension.swift */ = {isa = PBXFileReference; lastKnownFileType = sourcecode.swift; path = "UIImage+Extension.swift"; sourceTree = "<group>"; };
		9D073B2D28E6973000D7B42A /* UIColor+Extension.swift */ = {isa = PBXFileReference; lastKnownFileType = sourcecode.swift; path = "UIColor+Extension.swift"; sourceTree = "<group>"; };
		9D073B2F28E697E200D7B42A /* UIView+Frame.swift */ = {isa = PBXFileReference; lastKnownFileType = sourcecode.swift; path = "UIView+Frame.swift"; sourceTree = "<group>"; };
		9D073B3128E69B5300D7B42A /* CALayer+Frame.swift */ = {isa = PBXFileReference; lastKnownFileType = sourcecode.swift; path = "CALayer+Frame.swift"; sourceTree = "<group>"; };
		9D073B3328E6AB8700D7B42A /* UIImage+Filter.swift */ = {isa = PBXFileReference; lastKnownFileType = sourcecode.swift; path = "UIImage+Filter.swift"; sourceTree = "<group>"; };
		9D073B3628E6AF6A00D7B42A /* JJRouter.swift */ = {isa = PBXFileReference; lastKnownFileType = sourcecode.swift; path = JJRouter.swift; sourceTree = "<group>"; };
		9D073B3828E6AF8E00D7B42A /* RouterSource.swift */ = {isa = PBXFileReference; lastKnownFileType = sourcecode.swift; path = RouterSource.swift; sourceTree = "<group>"; };
		9D073B3A28E6AFB300D7B42A /* RouterDestination.swift */ = {isa = PBXFileReference; lastKnownFileType = sourcecode.swift; path = RouterDestination.swift; sourceTree = "<group>"; };
		9D073B3E28E6AFDD00D7B42A /* RouteMatchResult.swift */ = {isa = PBXFileReference; lastKnownFileType = sourcecode.swift; path = RouteMatchResult.swift; sourceTree = "<group>"; };
		9D073B4028E6AFE800D7B42A /* RouteMatchResultSource.swift */ = {isa = PBXFileReference; lastKnownFileType = sourcecode.swift; path = RouteMatchResultSource.swift; sourceTree = "<group>"; };
		9D073B4228E6AFF600D7B42A /* RouterMatchResult.swift */ = {isa = PBXFileReference; lastKnownFileType = sourcecode.swift; path = RouterMatchResult.swift; sourceTree = "<group>"; };
		9D073B4428E6B00500D7B42A /* RouterOpenSuccess.swift */ = {isa = PBXFileReference; lastKnownFileType = sourcecode.swift; path = RouterOpenSuccess.swift; sourceTree = "<group>"; };
		9D073B4628E6B01200D7B42A /* RouterOpenFailure.swift */ = {isa = PBXFileReference; lastKnownFileType = sourcecode.swift; path = RouterOpenFailure.swift; sourceTree = "<group>"; };
		9D073B4828E6B02300D7B42A /* MatchedSameRouterAction.swift */ = {isa = PBXFileReference; lastKnownFileType = sourcecode.swift; path = MatchedSameRouterAction.swift; sourceTree = "<group>"; };
		9D073B4A28E6B02F00D7B42A /* RouteScanner.swift */ = {isa = PBXFileReference; lastKnownFileType = sourcecode.swift; path = RouteScanner.swift; sourceTree = "<group>"; };
		9D073B4C28E6B04000D7B42A /* RouteScanTerminal.swift */ = {isa = PBXFileReference; lastKnownFileType = sourcecode.swift; path = RouteScanTerminal.swift; sourceTree = "<group>"; };
		9D073B4E28E6B04C00D7B42A /* RoutingPatternToken.swift */ = {isa = PBXFileReference; lastKnownFileType = sourcecode.swift; path = RoutingPatternToken.swift; sourceTree = "<group>"; };
		9D073B5028E6B05900D7B42A /* PatternTokenBuilder.swift */ = {isa = PBXFileReference; lastKnownFileType = sourcecode.swift; path = PatternTokenBuilder.swift; sourceTree = "<group>"; };
		9D073B5228E6B06800D7B42A /* Route.swift */ = {isa = PBXFileReference; lastKnownFileType = sourcecode.swift; path = Route.swift; sourceTree = "<group>"; };
		9D073B5428E6B07700D7B42A /* Routes.swift */ = {isa = PBXFileReference; lastKnownFileType = sourcecode.swift; path = Routes.swift; sourceTree = "<group>"; };
		9D073B5628E6B08400D7B42A /* SyncRoutes.swift */ = {isa = PBXFileReference; lastKnownFileType = sourcecode.swift; path = SyncRoutes.swift; sourceTree = "<group>"; };
		9D073B5A28E6B92300D7B42A /* JJAlertPresentationController.swift */ = {isa = PBXFileReference; lastKnownFileType = sourcecode.swift; path = JJAlertPresentationController.swift; sourceTree = "<group>"; };
		9D073B5C28E6B94D00D7B42A /* JJAlertPresentationContext.swift */ = {isa = PBXFileReference; lastKnownFileType = sourcecode.swift; path = JJAlertPresentationContext.swift; sourceTree = "<group>"; };
		9D073B5E28E6B96800D7B42A /* JJAlertPresentationContext+Default.swift */ = {isa = PBXFileReference; lastKnownFileType = sourcecode.swift; path = "JJAlertPresentationContext+Default.swift"; sourceTree = "<group>"; };
		9D073B6128E6BACB00D7B42A /* JJPushPopPresentTransition.swift */ = {isa = PBXFileReference; lastKnownFileType = sourcecode.swift; path = JJPushPopPresentTransition.swift; sourceTree = "<group>"; };
		9D073B6328E6BB1E00D7B42A /* JJPushPopStylePresentDelegate.swift */ = {isa = PBXFileReference; lastKnownFileType = sourcecode.swift; path = JJPushPopStylePresentDelegate.swift; sourceTree = "<group>"; };
		9D073B6528E6BB6700D7B42A /* JJPushPopPresentTransitionDelegate.swift */ = {isa = PBXFileReference; lastKnownFileType = sourcecode.swift; path = JJPushPopPresentTransitionDelegate.swift; sourceTree = "<group>"; };
		9D073B6728E6BBB100D7B42A /* JJPushPopPresentAnimator.swift */ = {isa = PBXFileReference; lastKnownFileType = sourcecode.swift; path = JJPushPopPresentAnimator.swift; sourceTree = "<group>"; };
		9D073B6B28E6BE7D00D7B42A /* UIControl+Extension.swift */ = {isa = PBXFileReference; lastKnownFileType = sourcecode.swift; path = "UIControl+Extension.swift"; sourceTree = "<group>"; };
		9D073B6D28E6BFA400D7B42A /* UIGesture+Extension.swift */ = {isa = PBXFileReference; lastKnownFileType = sourcecode.swift; path = "UIGesture+Extension.swift"; sourceTree = "<group>"; };
		9D073B6F28E6C09B00D7B42A /* UIBarButtonItem+Extension.swift */ = {isa = PBXFileReference; lastKnownFileType = sourcecode.swift; path = "UIBarButtonItem+Extension.swift"; sourceTree = "<group>"; };
		9D073B7128E6C0E400D7B42A /* Date+Extension.swift */ = {isa = PBXFileReference; lastKnownFileType = sourcecode.swift; path = "Date+Extension.swift"; sourceTree = "<group>"; };
		9D073B7328E6CC7C00D7B42A /* UIImage+Shape.swift */ = {isa = PBXFileReference; lastKnownFileType = sourcecode.swift; path = "UIImage+Shape.swift"; sourceTree = "<group>"; };
		9D073B7528E6D1CA00D7B42A /* String+Extension.swift */ = {isa = PBXFileReference; lastKnownFileType = sourcecode.swift; path = "String+Extension.swift"; sourceTree = "<group>"; };
		9D073B7728E6DC2800D7B42A /* Collection+SafeIndex.swift */ = {isa = PBXFileReference; lastKnownFileType = sourcecode.swift; path = "Collection+SafeIndex.swift"; sourceTree = "<group>"; };
		9D073B7928E6DD2200D7B42A /* ReusableViewExtension.swift */ = {isa = PBXFileReference; lastKnownFileType = sourcecode.swift; path = ReusableViewExtension.swift; sourceTree = "<group>"; };
		9D073B7B28E6DE7E00D7B42A /* UITextInput+Limit.swift */ = {isa = PBXFileReference; lastKnownFileType = sourcecode.swift; path = "UITextInput+Limit.swift"; sourceTree = "<group>"; };
		9D073B8028E6E45000D7B42A /* JJCarousel+namespace.swift */ = {isa = PBXFileReference; lastKnownFileType = sourcecode.swift; path = "JJCarousel+namespace.swift"; sourceTree = "<group>"; };
		9D073B8228E6E45B00D7B42A /* JJCarouselView.swift */ = {isa = PBXFileReference; lastKnownFileType = sourcecode.swift; path = JJCarouselView.swift; sourceTree = "<group>"; };
		9D073B8428E6E46D00D7B42A /* JJCarouselStyle.swift */ = {isa = PBXFileReference; lastKnownFileType = sourcecode.swift; path = JJCarouselStyle.swift; sourceTree = "<group>"; };
		9D073B8628E6E47D00D7B42A /* JJCarouselDirection.swift */ = {isa = PBXFileReference; lastKnownFileType = sourcecode.swift; path = JJCarouselDirection.swift; sourceTree = "<group>"; };
		9D073B8828E6E48A00D7B42A /* JJCarouselConfig.swift */ = {isa = PBXFileReference; lastKnownFileType = sourcecode.swift; path = JJCarouselConfig.swift; sourceTree = "<group>"; };
		9D073B8A28E6E49700D7B42A /* JJCarouselEvent.swift */ = {isa = PBXFileReference; lastKnownFileType = sourcecode.swift; path = JJCarouselEvent.swift; sourceTree = "<group>"; };
		9D073B8C28E6E4A700D7B42A /* JJCarouselContainerView.swift */ = {isa = PBXFileReference; lastKnownFileType = sourcecode.swift; path = JJCarouselContainerView.swift; sourceTree = "<group>"; };
		9D073B8E28E6E4B700D7B42A /* JJCarouselViewPageable.swift */ = {isa = PBXFileReference; lastKnownFileType = sourcecode.swift; path = JJCarouselViewPageable.swift; sourceTree = "<group>"; };
		9D073B9028E6E4C400D7B42A /* CellContainer.swift */ = {isa = PBXFileReference; lastKnownFileType = sourcecode.swift; path = CellContainer.swift; sourceTree = "<group>"; };
		9D073B9628E6E52200D7B42A /* FullCarouselContainerView.swift */ = {isa = PBXFileReference; lastKnownFileType = sourcecode.swift; path = FullCarouselContainerView.swift; sourceTree = "<group>"; };
		9D073B9928E6E54800D7B42A /* JJCarouselHiddenPageView.swift */ = {isa = PBXFileReference; lastKnownFileType = sourcecode.swift; path = JJCarouselHiddenPageView.swift; sourceTree = "<group>"; };
		9D073B9B28E6E55600D7B42A /* JJCarouselDotPageView.swift */ = {isa = PBXFileReference; lastKnownFileType = sourcecode.swift; path = JJCarouselDotPageView.swift; sourceTree = "<group>"; };
		9D073B9D28E6E56400D7B42A /* JJCarouselNumberPageView.swift */ = {isa = PBXFileReference; lastKnownFileType = sourcecode.swift; path = JJCarouselNumberPageView.swift; sourceTree = "<group>"; };
		9D14900329078D160068A15F /* IdeaController.swift */ = {isa = PBXFileReference; lastKnownFileType = sourcecode.swift; path = IdeaController.swift; sourceTree = "<group>"; };
		9D3390A528F2C1E4004B9CF2 /* shape_image_demo.png */ = {isa = PBXFileReference; lastKnownFileType = image.png; path = shape_image_demo.png; sourceTree = "<group>"; };
		9D602A1728F118FF00E9D429 /* ExtensionDemosController.swift */ = {isa = PBXFileReference; lastKnownFileType = sourcecode.swift; path = ExtensionDemosController.swift; sourceTree = "<group>"; };
		9D602A1928F1196900E9D429 /* DemoRouter.swift */ = {isa = PBXFileReference; lastKnownFileType = sourcecode.swift; path = DemoRouter.swift; sourceTree = "<group>"; };
		9D602A1B28F11F3800E9D429 /* ExtensionRouter.swift */ = {isa = PBXFileReference; lastKnownFileType = sourcecode.swift; path = ExtensionRouter.swift; sourceTree = "<group>"; };
		9D602A1D28F11F7100E9D429 /* AttributMakerDemoController.swift */ = {isa = PBXFileReference; lastKnownFileType = sourcecode.swift; path = AttributMakerDemoController.swift; sourceTree = "<group>"; };
		9D602A1F28F1542E00E9D429 /* UIImageRenderController.swift */ = {isa = PBXFileReference; lastKnownFileType = sourcecode.swift; path = UIImageRenderController.swift; sourceTree = "<group>"; };
		9D602A2128F1552A00E9D429 /* ColorImageDemoController.swift */ = {isa = PBXFileReference; lastKnownFileType = sourcecode.swift; path = ColorImageDemoController.swift; sourceTree = "<group>"; };
		9D602A2328F15E4C00E9D429 /* FilterImageDemoController.swift */ = {isa = PBXFileReference; lastKnownFileType = sourcecode.swift; path = FilterImageDemoController.swift; sourceTree = "<group>"; };
		9D602A2528F1708B00E9D429 /* ShapeImageDemoController.swift */ = {isa = PBXFileReference; lastKnownFileType = sourcecode.swift; path = ShapeImageDemoController.swift; sourceTree = "<group>"; };
		9D62D1A429C8261E009B79E2 /* JJChildrenDisplayDriver.swift */ = {isa = PBXFileReference; lastKnownFileType = sourcecode.swift; path = JJChildrenDisplayDriver.swift; sourceTree = "<group>"; };
		9D7F33702910F73E0055B08F /* FirstViewController.swift */ = {isa = PBXFileReference; lastKnownFileType = sourcecode.swift; path = FirstViewController.swift; sourceTree = "<group>"; };
		9D94B8D629065A4D00D06306 /* HelpForHashController.swift */ = {isa = PBXFileReference; lastKnownFileType = sourcecode.swift; path = HelpForHashController.swift; sourceTree = "<group>"; };
		EDF7E3640305DF644F8C5CD2 /* Pods-Demo.release.xcconfig */ = {isa = PBXFileReference; includeInIndex = 1; lastKnownFileType = text.xcconfig; name = "Pods-Demo.release.xcconfig"; path = "Target Support Files/Pods-Demo/Pods-Demo.release.xcconfig"; sourceTree = "<group>"; };
/* End PBXFileReference section */

/* Begin PBXFrameworksBuildPhase section */
		9D073B0828E6883100D7B42A /* Frameworks */ = {
			isa = PBXFrameworksBuildPhase;
			buildActionMask = 2147483647;
			files = (
				AFC0E8441AC42D6870DC7812 /* Pods_Demo.framework in Frameworks */,
			);
			runOnlyForDeploymentPostprocessing = 0;
		};
/* End PBXFrameworksBuildPhase section */

/* Begin PBXGroup section */
		2F7AAE922A82192E0071B2D0 /* Toast */ = {
			isa = PBXGroup;
			children = (
				2F7AAE942A8219EA0071B2D0 /* Providers */,
				2F7AAE932A8219C40071B2D0 /* Abstract */,
				2F7AAE9E2A821EC10071B2D0 /* UIView+Toast.swift */,
				2F7AAEA02A821EE30071B2D0 /* JJToastDSL.swift */,
				2F7AAEA72A8335870071B2D0 /* JJToastContainerOptions.swift */,
				2F7AAEA92A8335A00071B2D0 /* JJToastDuration.swift */,
				2F7AAEAB2A8336680071B2D0 /* JJToastPosition.swift */,
				2F7AAEC12A85D3AC0071B2D0 /* JJToastState.swift */,
				2F7AAEAD2A8336A70071B2D0 /* JJContainerAnimator.swift */,
				2F7AAEB12A836C3A0071B2D0 /* JJToastContaienrQueue.swift */,
				2F7AAEC92A863AF20071B2D0 /* JJToastItemIdentifiers.swift */,
			);
			path = Toast;
			sourceTree = "<group>";
		};
		2F7AAE932A8219C40071B2D0 /* Abstract */ = {
			isa = PBXGroup;
			children = (
				2F7AAE952A821A9B0071B2D0 /* JJToastContainer.swift */,
				2F7AAE992A821CBC0071B2D0 /* JJToastItemable.swift */,
				2F7AAEC52A8628690071B2D0 /* JJToastItemOptions.swift */,
				2FC7F7DA2A89B6FA0019A944 /* JJSameToastItemTypeStrategy.swift */,
			);
			path = Abstract;
			sourceTree = "<group>";
		};
		2F7AAE942A8219EA0071B2D0 /* Providers */ = {
			isa = PBXGroup;
			children = (
				2F7AAE972A821C340071B2D0 /* JJBlurEffectContainer.swift */,
				2F7AAEBB2A84F4B10071B2D0 /* JJColorfulContainer.swift */,
				2F7AAEBD2A84F6620071B2D0 /* JJGradientContainer.swift */,
				2F7AAE9B2A821D390071B2D0 /* JJTextToastItem.swift */,
				2FC7F7E02A89F7870019A944 /* JJVaryTextToastItem.swift */,
				2F7AAEB52A84E3F80071B2D0 /* JJActivityToastItem.swift */,
				2F7AAEB92A84E7F90071B2D0 /* JJArcrotationToastItem.swift */,
				2F7AAEB72A84E6270071B2D0 /* JJImageToastItem.swift */,
				2F7AAEBF2A84FEAB0071B2D0 /* JJMixTwoToastItem.swift */,
				2FC7F7DC2A89B70A0019A944 /* JJReplaceToastWithOutAnimatorStrategy.swift */,
				2FC7F7DE2A89D54B0019A944 /* JJAddDirectlyToastStrategy.swift */,
			);
			path = Providers;
			sourceTree = "<group>";
		};
		2F7AAEA22A8227310071B2D0 /* ToastDemos */ = {
			isa = PBXGroup;
			children = (
				2F7AAEA32A8227640071B2D0 /* ToastDemosController.swift */,
			);
			path = ToastDemos;
			sourceTree = "<group>";
		};
		5E594E3328EA73E30026CCED /* RouterDemos */ = {
			isa = PBXGroup;
			children = (
				5E594E3B28EA73E30026CCED /* Controllers */,
				5E594E3428EA73E30026CCED /* Routers */,
				5E594E3828EA73E30026CCED /* RouterDemosController.swift */,
				5E594E3928EA73E30026CCED /* RootRowAction.swift */,
				5E594E3A28EA73E30026CCED /* ShowMatchRouterable.swift */,
			);
			path = RouterDemos;
			sourceTree = "<group>";
		};
		5E594E3428EA73E30026CCED /* Routers */ = {
			isa = PBXGroup;
			children = (
				5E594E3528EA73E30026CCED /* PassParameterRouter.swift */,
				5E594E3628EA73E30026CCED /* BlockRouter.swift */,
				5E594E3728EA73E30026CCED /* SimpleRouter.swift */,
			);
			path = Routers;
			sourceTree = "<group>";
		};
		5E594E3B28EA73E30026CCED /* Controllers */ = {
			isa = PBXGroup;
			children = (
				5E594E4B28EA73E30026CCED /* SystemPushController.swift */,
				5E594E4528EA73E30026CCED /* SystemPresentController.swift */,
				5E594E4628EA73E30026CCED /* PushStylePresentController.swift */,
				5E594E4028EA73E30026CCED /* AlertCenterController.swift */,
				5E594E3E28EA73E30026CCED /* BackBlockController.swift */,
				5E594E4928EA73E30026CCED /* FrontBlockAController.swift */,
				5E594E4228EA73E30026CCED /* FrontBlockBController.swift */,
				5E594E4128EA73E30026CCED /* LoginController.swift */,
				5E594E3D28EA73E30026CCED /* MapBlockController.swift */,
				5E594E3C28EA73E30026CCED /* PassParameterByUrlController.swift */,
				5E594E4828EA73E30026CCED /* PassParameterByUrlWithQueryController.swift */,
				5E594E3F28EA73E30026CCED /* PassParameterMixUrlAndContextController.swift */,
				5E594E4728EA73E30026CCED /* PassParameterByContextController.swift */,
				5E594E4328EA73E30026CCED /* PassParametersForInitController.swift */,
				5E594E4428EA73E30026CCED /* PassParameterByEnumController.swift */,
				5E594E4A28EA73E30026CCED /* UpdateUIWhenMatchSameController.swift */,
				9D94B8D629065A4D00D06306 /* HelpForHashController.swift */,
			);
			path = Controllers;
			sourceTree = "<group>";
		};
		5E594E6228EA8C400026CCED /* CarouselDemo */ = {
			isa = PBXGroup;
			children = (
				5E594E6328EA8C5E0026CCED /* Images */,
				5E594E7028EA8CBB0026CCED /* CarouselTabbarController.swift */,
				5E594E7228EA8CDB0026CCED /* CarouselController.swift */,
				5E594E7428EA8D090026CCED /* WebCarouselView.swift */,
				5E594E7628EA8D150026CCED /* WebCarouselModel.swift */,
			);
			path = CarouselDemo;
			sourceTree = "<group>";
		};
		5E594E6328EA8C5E0026CCED /* Images */ = {
			isa = PBXGroup;
			children = (
				5E594E6428EA8C5E0026CCED /* a-5.jpeg */,
				5E594E6528EA8C5E0026CCED /* a-4.jpeg */,
				5E594E6628EA8C5E0026CCED /* a-3.jpeg */,
				5E594E6728EA8C5E0026CCED /* a-2.jpeg */,
				5E594E6828EA8C5E0026CCED /* a-1.jpeg */,
				5E594E6928EA8C5E0026CCED /* a-0.jpeg */,
			);
			path = Images;
			sourceTree = "<group>";
		};
		5E8BCFF629EBF87D006C0777 /* Utility */ = {
			isa = PBXGroup;
			children = (
				5E8BCFF729EBF88C006C0777 /* NSAttributedString+Extensions.swift */,
			);
			path = Utility;
			sourceTree = "<group>";
		};
		5EA794E229EAF2EF00DA83A3 /* YJText */ = {
			isa = PBXGroup;
			children = (
				5E8BCFF629EBF87D006C0777 /* Utility */,
				5EA794E329EAF2FF00DA83A3 /* String */,
				5EA794E629EAF46400DA83A3 /* YJText+Namespace.swift */,
			);
			path = YJText;
			sourceTree = "<group>";
		};
		5EA794E329EAF2FF00DA83A3 /* String */ = {
			isa = PBXGroup;
			children = (
				5EA794E829EAF4A000DA83A3 /* RunDelegate.swift */,
				5EA5022A29EBCD5900C06A0F /* RubyAnnotation.swift */,
				5E8BCFF429EBECF1006C0777 /* Archiver.swift */,
			);
			path = String;
			sourceTree = "<group>";
		};
		6AB607B1FD915917FD9E77DD /* Pods */ = {
			isa = PBXGroup;
			children = (
				87B165928D99EF25A5DA9F41 /* Pods-Demo.debug.xcconfig */,
				EDF7E3640305DF644F8C5CD2 /* Pods-Demo.release.xcconfig */,
			);
			path = Pods;
			sourceTree = "<group>";
		};
		6E08819B1AF16B0743A80EB0 /* Frameworks */ = {
			isa = PBXGroup;
			children = (
				27818B47D8E551B90C4BFF5F /* Pods_Demo.framework */,
			);
			name = Frameworks;
			sourceTree = "<group>";
		};
		9D073B0228E6883100D7B42A = {
			isa = PBXGroup;
			children = (
				9D073B2228E68A7A00D7B42A /* Sources */,
				9D073B0D28E6883100D7B42A /* Demo */,
				9D073B0C28E6883100D7B42A /* Products */,
				6AB607B1FD915917FD9E77DD /* Pods */,
				6E08819B1AF16B0743A80EB0 /* Frameworks */,
			);
			sourceTree = "<group>";
		};
		9D073B0C28E6883100D7B42A /* Products */ = {
			isa = PBXGroup;
			children = (
				9D073B0B28E6883100D7B42A /* Demo.app */,
			);
			name = Products;
			sourceTree = "<group>";
		};
		9D073B0D28E6883100D7B42A /* Demo */ = {
			isa = PBXGroup;
			children = (
				2F7AAEA22A8227310071B2D0 /* ToastDemos */,
				9D602A1628F118D400E9D429 /* ExtensionDemos */,
				5E594E6228EA8C400026CCED /* CarouselDemo */,
				5E594E3328EA73E30026CCED /* RouterDemos */,
				9D073B0E28E6883100D7B42A /* AppDelegate.swift */,
				9D073B1228E6883100D7B42A /* ViewController.swift */,
				9D14900329078D160068A15F /* IdeaController.swift */,
				9D7F33702910F73E0055B08F /* FirstViewController.swift */,
				9D602A1928F1196900E9D429 /* DemoRouter.swift */,
				5E594E7828EA8DF10026CCED /* AddCloseNaviItemToDismissable.swift */,
				9D073B1728E6883200D7B42A /* Assets.xcassets */,
				9D073B1928E6883200D7B42A /* LaunchScreen.storyboard */,
				9D073B1C28E6883200D7B42A /* Info.plist */,
			);
			path = Demo;
			sourceTree = "<group>";
		};
		9D073B2228E68A7A00D7B42A /* Sources */ = {
			isa = PBXGroup;
			children = (
				2F7AAE922A82192E0071B2D0 /* Toast */,
				5EA794E229EAF2EF00DA83A3 /* YJText */,
				9D073B7F28E6E41900D7B42A /* CarouselView */,
				9D073B5828E6B76100D7B42A /* Transitions */,
				9D073B3528E6AF5B00D7B42A /* Router */,
				9D073B2428E68C7500D7B42A /* Utils */,
				9D073B2328E68A9500D7B42A /* Extensions */,
			);
			name = Sources;
			path = ../Sources;
			sourceTree = "<group>";
		};
		9D073B2328E68A9500D7B42A /* Extensions */ = {
			isa = PBXGroup;
			children = (
				9D073B2728E6909000D7B42A /* UIApplication+Extension.swift */,
				9D073B2B28E6935600D7B42A /* UIImage+Extension.swift */,
				9D073B3328E6AB8700D7B42A /* UIImage+Filter.swift */,
				9D073B7328E6CC7C00D7B42A /* UIImage+Shape.swift */,
				5ECDF51128E827D7007BF43F /* UIImage+MemoryCache.swift */,
				9D073B2D28E6973000D7B42A /* UIColor+Extension.swift */,
				9D073B2F28E697E200D7B42A /* UIView+Frame.swift */,
				9D073B3128E69B5300D7B42A /* CALayer+Frame.swift */,
				9D073B6B28E6BE7D00D7B42A /* UIControl+Extension.swift */,
				9D073B6D28E6BFA400D7B42A /* UIGesture+Extension.swift */,
				9D073B6F28E6C09B00D7B42A /* UIBarButtonItem+Extension.swift */,
				9D073B7128E6C0E400D7B42A /* Date+Extension.swift */,
				9D073B7528E6D1CA00D7B42A /* String+Extension.swift */,
				2F7AAEA52A832C790071B2D0 /* String+NSRange.swift */,
				9D073B7728E6DC2800D7B42A /* Collection+SafeIndex.swift */,
				9D073B7928E6DD2200D7B42A /* ReusableViewExtension.swift */,
				9D073B7B28E6DE7E00D7B42A /* UITextInput+Limit.swift */,
			);
			path = Extensions;
			sourceTree = "<group>";
		};
		9D073B2428E68C7500D7B42A /* Utils */ = {
			isa = PBXGroup;
			children = (
				9D073B2528E68CD000D7B42A /* JJBox.swift */,
				2F7AAEB32A837EE30071B2D0 /* JJWeakProxy.swift */,
			);
			path = Utils;
			sourceTree = "<group>";
		};
		9D073B3528E6AF5B00D7B42A /* Router */ = {
			isa = PBXGroup;
			children = (
				9D073B3628E6AF6A00D7B42A /* JJRouter.swift */,
				9D073B3828E6AF8E00D7B42A /* RouterSource.swift */,
				9D073B3A28E6AFB300D7B42A /* RouterDestination.swift */,
				9D073B4828E6B02300D7B42A /* MatchedSameRouterAction.swift */,
				9D073B3E28E6AFDD00D7B42A /* RouteMatchResult.swift */,
				9D073B4028E6AFE800D7B42A /* RouteMatchResultSource.swift */,
				9D073B4228E6AFF600D7B42A /* RouterMatchResult.swift */,
				9D073B4428E6B00500D7B42A /* RouterOpenSuccess.swift */,
				9D073B4628E6B01200D7B42A /* RouterOpenFailure.swift */,
				9D073B4A28E6B02F00D7B42A /* RouteScanner.swift */,
				9D073B4C28E6B04000D7B42A /* RouteScanTerminal.swift */,
				9D073B4E28E6B04C00D7B42A /* RoutingPatternToken.swift */,
				9D073B5028E6B05900D7B42A /* PatternTokenBuilder.swift */,
				9D073B5228E6B06800D7B42A /* Route.swift */,
				9D073B5428E6B07700D7B42A /* Routes.swift */,
				9D073B5628E6B08400D7B42A /* SyncRoutes.swift */,
			);
			path = Router;
			sourceTree = "<group>";
		};
		9D073B5828E6B76100D7B42A /* Transitions */ = {
			isa = PBXGroup;
			children = (
				9D62D1A329C8260C009B79E2 /* JJChildrenDisplayDriver */,
				9D073B6028E6BAA900D7B42A /* PushPopPresentTransition */,
				9D073B5928E6B91700D7B42A /* AlertPresentation */,
			);
			path = Transitions;
			sourceTree = "<group>";
		};
		9D073B5928E6B91700D7B42A /* AlertPresentation */ = {
			isa = PBXGroup;
			children = (
				9D073B5A28E6B92300D7B42A /* JJAlertPresentationController.swift */,
				9D073B5C28E6B94D00D7B42A /* JJAlertPresentationContext.swift */,
				9D073B5E28E6B96800D7B42A /* JJAlertPresentationContext+Default.swift */,
			);
			path = AlertPresentation;
			sourceTree = "<group>";
		};
		9D073B6028E6BAA900D7B42A /* PushPopPresentTransition */ = {
			isa = PBXGroup;
			children = (
				9D073B6328E6BB1E00D7B42A /* JJPushPopStylePresentDelegate.swift */,
				9D073B6528E6BB6700D7B42A /* JJPushPopPresentTransitionDelegate.swift */,
				9D073B6128E6BACB00D7B42A /* JJPushPopPresentTransition.swift */,
				9D073B6728E6BBB100D7B42A /* JJPushPopPresentAnimator.swift */,
			);
			path = PushPopPresentTransition;
			sourceTree = "<group>";
		};
		9D073B7F28E6E41900D7B42A /* CarouselView */ = {
			isa = PBXGroup;
			children = (
				9D073B9228E6E4F300D7B42A /* Providers */,
				9D073B8028E6E45000D7B42A /* JJCarousel+namespace.swift */,
				9D073B8228E6E45B00D7B42A /* JJCarouselView.swift */,
				9D073B8428E6E46D00D7B42A /* JJCarouselStyle.swift */,
				9D073B8628E6E47D00D7B42A /* JJCarouselDirection.swift */,
				9D073B8828E6E48A00D7B42A /* JJCarouselConfig.swift */,
				9D073B8A28E6E49700D7B42A /* JJCarouselEvent.swift */,
				9D073B8C28E6E4A700D7B42A /* JJCarouselContainerView.swift */,
				9D073B8E28E6E4B700D7B42A /* JJCarouselViewPageable.swift */,
				9D073B9028E6E4C400D7B42A /* CellContainer.swift */,
			);
			path = CarouselView;
			sourceTree = "<group>";
		};
		9D073B9228E6E4F300D7B42A /* Providers */ = {
			isa = PBXGroup;
			children = (
				9D073B9828E6E53E00D7B42A /* PageView */,
				9D073B9528E6E51900D7B42A /* ContainerView */,
			);
			path = Providers;
			sourceTree = "<group>";
		};
		9D073B9528E6E51900D7B42A /* ContainerView */ = {
			isa = PBXGroup;
			children = (
				9D073B9628E6E52200D7B42A /* FullCarouselContainerView.swift */,
			);
			path = ContainerView;
			sourceTree = "<group>";
		};
		9D073B9828E6E53E00D7B42A /* PageView */ = {
			isa = PBXGroup;
			children = (
				9D073B9928E6E54800D7B42A /* JJCarouselHiddenPageView.swift */,
				9D073B9B28E6E55600D7B42A /* JJCarouselDotPageView.swift */,
				9D073B9D28E6E56400D7B42A /* JJCarouselNumberPageView.swift */,
			);
			path = PageView;
			sourceTree = "<group>";
		};
		9D3390A228F2BEB0004B9CF2 /* Images */ = {
			isa = PBXGroup;
			children = (
				9D3390A528F2C1E4004B9CF2 /* shape_image_demo.png */,
			);
			path = Images;
			sourceTree = "<group>";
		};
		9D602A1628F118D400E9D429 /* ExtensionDemos */ = {
			isa = PBXGroup;
			children = (
				9D3390A228F2BEB0004B9CF2 /* Images */,
				9D602A1728F118FF00E9D429 /* ExtensionDemosController.swift */,
				9D602A1B28F11F3800E9D429 /* ExtensionRouter.swift */,
				9D602A1D28F11F7100E9D429 /* AttributMakerDemoController.swift */,
				9D602A1F28F1542E00E9D429 /* UIImageRenderController.swift */,
				9D602A2128F1552A00E9D429 /* ColorImageDemoController.swift */,
				9D602A2328F15E4C00E9D429 /* FilterImageDemoController.swift */,
				9D602A2528F1708B00E9D429 /* ShapeImageDemoController.swift */,
			);
			path = ExtensionDemos;
			sourceTree = "<group>";
		};
		9D62D1A329C8260C009B79E2 /* JJChildrenDisplayDriver */ = {
			isa = PBXGroup;
			children = (
				9D62D1A429C8261E009B79E2 /* JJChildrenDisplayDriver.swift */,
			);
			path = JJChildrenDisplayDriver;
			sourceTree = "<group>";
		};
/* End PBXGroup section */

/* Begin PBXNativeTarget section */
		9D073B0A28E6883100D7B42A /* Demo */ = {
			isa = PBXNativeTarget;
			buildConfigurationList = 9D073B1F28E6883200D7B42A /* Build configuration list for PBXNativeTarget "Demo" */;
			buildPhases = (
				F590E76B73785C28ADC36CA2 /* [CP] Check Pods Manifest.lock */,
				9D073B0728E6883100D7B42A /* Sources */,
				9D073B0828E6883100D7B42A /* Frameworks */,
				9D073B0928E6883100D7B42A /* Resources */,
				2EC79CCB96FB0E70E889D66F /* [CP] Embed Pods Frameworks */,
			);
			buildRules = (
			);
			dependencies = (
			);
			name = Demo;
			productName = Demo;
			productReference = 9D073B0B28E6883100D7B42A /* Demo.app */;
			productType = "com.apple.product-type.application";
		};
/* End PBXNativeTarget section */

/* Begin PBXProject section */
		9D073B0328E6883100D7B42A /* Project object */ = {
			isa = PBXProject;
			attributes = {
				BuildIndependentTargetsInParallel = 1;
				LastSwiftUpdateCheck = 1400;
				LastUpgradeCheck = 1400;
				TargetAttributes = {
					9D073B0A28E6883100D7B42A = {
						CreatedOnToolsVersion = 14.0.1;
					};
				};
			};
			buildConfigurationList = 9D073B0628E6883100D7B42A /* Build configuration list for PBXProject "Demo" */;
			compatibilityVersion = "Xcode 14.0";
			developmentRegion = "zh-Hans";
			hasScannedForEncodings = 0;
			knownRegions = (
				Base,
				"zh-Hans",
			);
			mainGroup = 9D073B0228E6883100D7B42A;
			productRefGroup = 9D073B0C28E6883100D7B42A /* Products */;
			projectDirPath = "";
			projectRoot = "";
			targets = (
				9D073B0A28E6883100D7B42A /* Demo */,
			);
		};
/* End PBXProject section */

/* Begin PBXResourcesBuildPhase section */
		9D073B0928E6883100D7B42A /* Resources */ = {
			isa = PBXResourcesBuildPhase;
			buildActionMask = 2147483647;
			files = (
				9D3390A628F2C1E4004B9CF2 /* shape_image_demo.png in Resources */,
				5E594E6C28EA8C5E0026CCED /* a-3.jpeg in Resources */,
				9D073B1B28E6883200D7B42A /* LaunchScreen.storyboard in Resources */,
				5E594E6F28EA8C5E0026CCED /* a-0.jpeg in Resources */,
				5E594E6D28EA8C5E0026CCED /* a-2.jpeg in Resources */,
				9D073B1828E6883200D7B42A /* Assets.xcassets in Resources */,
				5E594E6E28EA8C5E0026CCED /* a-1.jpeg in Resources */,
				5E594E6B28EA8C5E0026CCED /* a-4.jpeg in Resources */,
				5E594E6A28EA8C5E0026CCED /* a-5.jpeg in Resources */,
			);
			runOnlyForDeploymentPostprocessing = 0;
		};
/* End PBXResourcesBuildPhase section */

/* Begin PBXShellScriptBuildPhase section */
		2EC79CCB96FB0E70E889D66F /* [CP] Embed Pods Frameworks */ = {
			isa = PBXShellScriptBuildPhase;
			buildActionMask = 2147483647;
			files = (
			);
			inputFileListPaths = (
				"${PODS_ROOT}/Target Support Files/Pods-Demo/Pods-Demo-frameworks-${CONFIGURATION}-input-files.xcfilelist",
			);
			name = "[CP] Embed Pods Frameworks";
			outputFileListPaths = (
				"${PODS_ROOT}/Target Support Files/Pods-Demo/Pods-Demo-frameworks-${CONFIGURATION}-output-files.xcfilelist",
			);
			runOnlyForDeploymentPostprocessing = 0;
			shellPath = /bin/sh;
			shellScript = "\"${PODS_ROOT}/Target Support Files/Pods-Demo/Pods-Demo-frameworks.sh\"\n";
			showEnvVarsInLog = 0;
		};
		F590E76B73785C28ADC36CA2 /* [CP] Check Pods Manifest.lock */ = {
			isa = PBXShellScriptBuildPhase;
			buildActionMask = 2147483647;
			files = (
			);
			inputFileListPaths = (
			);
			inputPaths = (
				"${PODS_PODFILE_DIR_PATH}/Podfile.lock",
				"${PODS_ROOT}/Manifest.lock",
			);
			name = "[CP] Check Pods Manifest.lock";
			outputFileListPaths = (
			);
			outputPaths = (
				"$(DERIVED_FILE_DIR)/Pods-Demo-checkManifestLockResult.txt",
			);
			runOnlyForDeploymentPostprocessing = 0;
			shellPath = /bin/sh;
			shellScript = "diff \"${PODS_PODFILE_DIR_PATH}/Podfile.lock\" \"${PODS_ROOT}/Manifest.lock\" > /dev/null\nif [ $? != 0 ] ; then\n    # print error to STDERR\n    echo \"error: The sandbox is not in sync with the Podfile.lock. Run 'pod install' or update your CocoaPods installation.\" >&2\n    exit 1\nfi\n# This output is used by Xcode 'outputs' to avoid re-running this script phase.\necho \"SUCCESS\" > \"${SCRIPT_OUTPUT_FILE_0}\"\n";
			showEnvVarsInLog = 0;
		};
/* End PBXShellScriptBuildPhase section */

/* Begin PBXSourcesBuildPhase section */
		9D073B0728E6883100D7B42A /* Sources */ = {
			isa = PBXSourcesBuildPhase;
			buildActionMask = 2147483647;
			files = (
				9D073B3428E6AB8700D7B42A /* UIImage+Filter.swift in Sources */,
				9D073B5528E6B07700D7B42A /* Routes.swift in Sources */,
				5EA794E729EAF46400DA83A3 /* YJText+Namespace.swift in Sources */,
				2F7AAEB42A837EE30071B2D0 /* JJWeakProxy.swift in Sources */,
				9D073B2628E68CD000D7B42A /* JJBox.swift in Sources */,
				2F7AAEC22A85D3AC0071B2D0 /* JJToastState.swift in Sources */,
				9D073B9C28E6E55600D7B42A /* JJCarouselDotPageView.swift in Sources */,
				2F7AAECA2A863AF20071B2D0 /* JJToastItemIdentifiers.swift in Sources */,
				5EA794E929EAF4A000DA83A3 /* RunDelegate.swift in Sources */,
				2F7AAEA82A8335870071B2D0 /* JJToastContainerOptions.swift in Sources */,
				2F7AAEAA2A8335A00071B2D0 /* JJToastDuration.swift in Sources */,
				9D602A1E28F11F7100E9D429 /* AttributMakerDemoController.swift in Sources */,
				2F7AAEB82A84E6270071B2D0 /* JJImageToastItem.swift in Sources */,
				9D073B4728E6B01200D7B42A /* RouterOpenFailure.swift in Sources */,
				5E594E4C28EA73E30026CCED /* PassParameterRouter.swift in Sources */,
				5E594E4D28EA73E30026CCED /* BlockRouter.swift in Sources */,
				2FC7F7DD2A89B70A0019A944 /* JJReplaceToastWithOutAnimatorStrategy.swift in Sources */,
				9D073B4F28E6B04C00D7B42A /* RoutingPatternToken.swift in Sources */,
				9D073B8F28E6E4B700D7B42A /* JJCarouselViewPageable.swift in Sources */,
				9D073B3928E6AF8E00D7B42A /* RouterSource.swift in Sources */,
				9D94B8D729065A4D00D06306 /* HelpForHashController.swift in Sources */,
				5E594E6028EA73E30026CCED /* UpdateUIWhenMatchSameController.swift in Sources */,
				5E594E4E28EA73E30026CCED /* SimpleRouter.swift in Sources */,
				5E594E4F28EA73E30026CCED /* RouterDemosController.swift in Sources */,
				9D073B3028E697E200D7B42A /* UIView+Frame.swift in Sources */,
				5E594E5628EA73E30026CCED /* AlertCenterController.swift in Sources */,
				5E594E7128EA8CBB0026CCED /* CarouselTabbarController.swift in Sources */,
				5E594E5328EA73E30026CCED /* MapBlockController.swift in Sources */,
				9D073B3F28E6AFDD00D7B42A /* RouteMatchResult.swift in Sources */,
				9D073B4D28E6B04000D7B42A /* RouteScanTerminal.swift in Sources */,
				2F7AAEBE2A84F6620071B2D0 /* JJGradientContainer.swift in Sources */,
				9D602A1C28F11F3800E9D429 /* ExtensionRouter.swift in Sources */,
				5E594E7728EA8D150026CCED /* WebCarouselModel.swift in Sources */,
				9D602A2028F1542E00E9D429 /* UIImageRenderController.swift in Sources */,
				9D602A2428F15E4C00E9D429 /* FilterImageDemoController.swift in Sources */,
				2FC7F7DF2A89D54B0019A944 /* JJAddDirectlyToastStrategy.swift in Sources */,
				9D073B1328E6883100D7B42A /* ViewController.swift in Sources */,
				2F7AAEA42A8227640071B2D0 /* ToastDemosController.swift in Sources */,
				9D073B5B28E6B92300D7B42A /* JJAlertPresentationController.swift in Sources */,
				9D602A2628F1708B00E9D429 /* ShapeImageDemoController.swift in Sources */,
				9D073B9A28E6E54800D7B42A /* JJCarouselHiddenPageView.swift in Sources */,
				2FC7F7E12A89F7870019A944 /* JJVaryTextToastItem.swift in Sources */,
				5E594E7928EA8DF10026CCED /* AddCloseNaviItemToDismissable.swift in Sources */,
				9D7F33712910F73E0055B08F /* FirstViewController.swift in Sources */,
				9D073B5328E6B06800D7B42A /* Route.swift in Sources */,
				9D073B5F28E6B96800D7B42A /* JJAlertPresentationContext+Default.swift in Sources */,
				9D073B4928E6B02300D7B42A /* MatchedSameRouterAction.swift in Sources */,
				2F7AAE9F2A821EC10071B2D0 /* UIView+Toast.swift in Sources */,
				2F7AAEAC2A8336680071B2D0 /* JJToastPosition.swift in Sources */,
				9D073B5728E6B08400D7B42A /* SyncRoutes.swift in Sources */,
				9D14900429078D160068A15F /* IdeaController.swift in Sources */,
				9D073B7A28E6DD2200D7B42A /* ReusableViewExtension.swift in Sources */,
				9D073B3B28E6AFB300D7B42A /* RouterDestination.swift in Sources */,
				9D073B7028E6C09B00D7B42A /* UIBarButtonItem+Extension.swift in Sources */,
				5E8BCFF529EBECF1006C0777 /* Archiver.swift in Sources */,
				5E594E5D28EA73E30026CCED /* PassParameterByContextController.swift in Sources */,
				5E594E5128EA73E30026CCED /* ShowMatchRouterable.swift in Sources */,
				9D602A2228F1552A00E9D429 /* ColorImageDemoController.swift in Sources */,
				9D073B6228E6BACB00D7B42A /* JJPushPopPresentTransition.swift in Sources */,
				9D073B7228E6C0E400D7B42A /* Date+Extension.swift in Sources */,
				9D073B7828E6DC2800D7B42A /* Collection+SafeIndex.swift in Sources */,
				9D073B7628E6D1CA00D7B42A /* String+Extension.swift in Sources */,
				9D073B3228E69B5300D7B42A /* CALayer+Frame.swift in Sources */,
				9D073B5128E6B05900D7B42A /* PatternTokenBuilder.swift in Sources */,
				5E594E5A28EA73E30026CCED /* PassParameterByEnumController.swift in Sources */,
				9D073B8328E6E45B00D7B42A /* JJCarouselView.swift in Sources */,
				5E594E7528EA8D090026CCED /* WebCarouselView.swift in Sources */,
				9D073B2C28E6935600D7B42A /* UIImage+Extension.swift in Sources */,
				9D073B3728E6AF6A00D7B42A /* JJRouter.swift in Sources */,
				2F7AAE9A2A821CBC0071B2D0 /* JJToastItemable.swift in Sources */,
				5E594E5228EA73E30026CCED /* PassParameterByUrlController.swift in Sources */,
				9D073B7428E6CC7C00D7B42A /* UIImage+Shape.swift in Sources */,
				5ECDF51228E827D7007BF43F /* UIImage+MemoryCache.swift in Sources */,
				5E594E5028EA73E30026CCED /* RootRowAction.swift in Sources */,
				2F7AAEAE2A8336A70071B2D0 /* JJContainerAnimator.swift in Sources */,
				5E594E5C28EA73E30026CCED /* PushStylePresentController.swift in Sources */,
				2F7AAEA62A832C790071B2D0 /* String+NSRange.swift in Sources */,
				9D073B2E28E6973000D7B42A /* UIColor+Extension.swift in Sources */,
				5E594E5728EA73E30026CCED /* LoginController.swift in Sources */,
				9D073B5D28E6B94D00D7B42A /* JJAlertPresentationContext.swift in Sources */,
				5E594E5828EA73E30026CCED /* FrontBlockBController.swift in Sources */,
				2F7AAEBA2A84E7F90071B2D0 /* JJArcrotationToastItem.swift in Sources */,
				2F7AAEA12A821EE30071B2D0 /* JJToastDSL.swift in Sources */,
				2F7AAEC62A8628690071B2D0 /* JJToastItemOptions.swift in Sources */,
				5E594E5E28EA73E30026CCED /* PassParameterByUrlWithQueryController.swift in Sources */,
				9D073B4128E6AFE800D7B42A /* RouteMatchResultSource.swift in Sources */,
				9D073B6828E6BBB100D7B42A /* JJPushPopPresentAnimator.swift in Sources */,
				9D073B6428E6BB1E00D7B42A /* JJPushPopStylePresentDelegate.swift in Sources */,
				9D073B9E28E6E56400D7B42A /* JJCarouselNumberPageView.swift in Sources */,
				9D073B8528E6E46D00D7B42A /* JJCarouselStyle.swift in Sources */,
				2FC7F7DB2A89B6FA0019A944 /* JJSameToastItemTypeStrategy.swift in Sources */,
				9D073B8928E6E48A00D7B42A /* JJCarouselConfig.swift in Sources */,
				9D073B6E28E6BFA400D7B42A /* UIGesture+Extension.swift in Sources */,
				9D602A1A28F1196900E9D429 /* DemoRouter.swift in Sources */,
				9D073B6C28E6BE7D00D7B42A /* UIControl+Extension.swift in Sources */,
				2F7AAEBC2A84F4B10071B2D0 /* JJColorfulContainer.swift in Sources */,
				5E594E5F28EA73E30026CCED /* FrontBlockAController.swift in Sources */,
				5E594E5928EA73E30026CCED /* PassParametersForInitController.swift in Sources */,
				9D073B4B28E6B02F00D7B42A /* RouteScanner.swift in Sources */,
				9D073B4328E6AFF600D7B42A /* RouterMatchResult.swift in Sources */,
				5E594E5428EA73E30026CCED /* BackBlockController.swift in Sources */,
				9D073B8B28E6E49700D7B42A /* JJCarouselEvent.swift in Sources */,
				5E8BCFF829EBF88C006C0777 /* NSAttributedString+Extensions.swift in Sources */,
				9D073B2828E6909000D7B42A /* UIApplication+Extension.swift in Sources */,
				9D073B6628E6BB6700D7B42A /* JJPushPopPresentTransitionDelegate.swift in Sources */,
				2F7AAEB22A836C3A0071B2D0 /* JJToastContaienrQueue.swift in Sources */,
				9D073B8728E6E47D00D7B42A /* JJCarouselDirection.swift in Sources */,
				2F7AAE982A821C340071B2D0 /* JJBlurEffectContainer.swift in Sources */,
				9D073B8128E6E45000D7B42A /* JJCarousel+namespace.swift in Sources */,
				5E594E5528EA73E30026CCED /* PassParameterMixUrlAndContextController.swift in Sources */,
				2F7AAEB62A84E3F80071B2D0 /* JJActivityToastItem.swift in Sources */,
				2F7AAE962A821A9B0071B2D0 /* JJToastContainer.swift in Sources */,
				9D073B9128E6E4C400D7B42A /* CellContainer.swift in Sources */,
				5E594E7328EA8CDB0026CCED /* CarouselController.swift in Sources */,
				5E594E6128EA73E30026CCED /* SystemPushController.swift in Sources */,
				9D073B4528E6B00500D7B42A /* RouterOpenSuccess.swift in Sources */,
				9D62D1A529C8261E009B79E2 /* JJChildrenDisplayDriver.swift in Sources */,
				9D073B0F28E6883100D7B42A /* AppDelegate.swift in Sources */,
				5EA5022B29EBCD5900C06A0F /* RubyAnnotation.swift in Sources */,
				9D602A1828F118FF00E9D429 /* ExtensionDemosController.swift in Sources */,
				2F7AAEC02A84FEAB0071B2D0 /* JJMixTwoToastItem.swift in Sources */,
				9D073B9728E6E52200D7B42A /* FullCarouselContainerView.swift in Sources */,
				2F7AAE9C2A821D390071B2D0 /* JJTextToastItem.swift in Sources */,
				9D073B7C28E6DE7E00D7B42A /* UITextInput+Limit.swift in Sources */,
				9D073B8D28E6E4A700D7B42A /* JJCarouselContainerView.swift in Sources */,
				5E594E5B28EA73E30026CCED /* SystemPresentController.swift in Sources */,
			);
			runOnlyForDeploymentPostprocessing = 0;
		};
/* End PBXSourcesBuildPhase section */

/* Begin PBXVariantGroup section */
		9D073B1928E6883200D7B42A /* LaunchScreen.storyboard */ = {
			isa = PBXVariantGroup;
			children = (
				9D073B1A28E6883200D7B42A /* Base */,
				2F7AAE9D2A821DBE0071B2D0 /* zh-Hans */,
			);
			name = LaunchScreen.storyboard;
			sourceTree = "<group>";
		};
/* End PBXVariantGroup section */

/* Begin XCBuildConfiguration section */
		9D073B1D28E6883200D7B42A /* Debug */ = {
			isa = XCBuildConfiguration;
			buildSettings = {
				ALWAYS_SEARCH_USER_PATHS = NO;
				CLANG_ANALYZER_LOCALIZABILITY_NONLOCALIZED = YES;
				CLANG_ANALYZER_NONNULL = YES;
				CLANG_ANALYZER_NUMBER_OBJECT_CONVERSION = YES_AGGRESSIVE;
				CLANG_CXX_LANGUAGE_STANDARD = "gnu++20";
				CLANG_ENABLE_MODULES = YES;
				CLANG_ENABLE_OBJC_ARC = YES;
				CLANG_ENABLE_OBJC_WEAK = YES;
				CLANG_WARN_BLOCK_CAPTURE_AUTORELEASING = YES;
				CLANG_WARN_BOOL_CONVERSION = YES;
				CLANG_WARN_COMMA = YES;
				CLANG_WARN_CONSTANT_CONVERSION = YES;
				CLANG_WARN_DEPRECATED_OBJC_IMPLEMENTATIONS = YES;
				CLANG_WARN_DIRECT_OBJC_ISA_USAGE = YES_ERROR;
				CLANG_WARN_DOCUMENTATION_COMMENTS = YES;
				CLANG_WARN_EMPTY_BODY = YES;
				CLANG_WARN_ENUM_CONVERSION = YES;
				CLANG_WARN_INFINITE_RECURSION = YES;
				CLANG_WARN_INT_CONVERSION = YES;
				CLANG_WARN_NON_LITERAL_NULL_CONVERSION = YES;
				CLANG_WARN_OBJC_IMPLICIT_RETAIN_SELF = YES;
				CLANG_WARN_OBJC_LITERAL_CONVERSION = YES;
				CLANG_WARN_OBJC_ROOT_CLASS = YES_ERROR;
				CLANG_WARN_QUOTED_INCLUDE_IN_FRAMEWORK_HEADER = YES;
				CLANG_WARN_RANGE_LOOP_ANALYSIS = YES;
				CLANG_WARN_STRICT_PROTOTYPES = YES;
				CLANG_WARN_SUSPICIOUS_MOVE = YES;
				CLANG_WARN_UNGUARDED_AVAILABILITY = YES_AGGRESSIVE;
				CLANG_WARN_UNREACHABLE_CODE = YES;
				CLANG_WARN__DUPLICATE_METHOD_MATCH = YES;
				COPY_PHASE_STRIP = NO;
				DEBUG_INFORMATION_FORMAT = dwarf;
				ENABLE_STRICT_OBJC_MSGSEND = YES;
				ENABLE_TESTABILITY = YES;
				GCC_C_LANGUAGE_STANDARD = gnu11;
				GCC_DYNAMIC_NO_PIC = NO;
				GCC_NO_COMMON_BLOCKS = YES;
				GCC_OPTIMIZATION_LEVEL = 0;
				GCC_PREPROCESSOR_DEFINITIONS = (
					"DEBUG=1",
					"$(inherited)",
				);
				GCC_WARN_64_TO_32_BIT_CONVERSION = YES;
				GCC_WARN_ABOUT_RETURN_TYPE = YES_ERROR;
				GCC_WARN_UNDECLARED_SELECTOR = YES;
				GCC_WARN_UNINITIALIZED_AUTOS = YES_AGGRESSIVE;
				GCC_WARN_UNUSED_FUNCTION = YES;
				GCC_WARN_UNUSED_VARIABLE = YES;
				IPHONEOS_DEPLOYMENT_TARGET = 16.0;
				MTL_ENABLE_DEBUG_INFO = INCLUDE_SOURCE;
				MTL_FAST_MATH = YES;
				ONLY_ACTIVE_ARCH = YES;
				SDKROOT = iphoneos;
				SWIFT_ACTIVE_COMPILATION_CONDITIONS = DEBUG;
				SWIFT_OPTIMIZATION_LEVEL = "-Onone";
			};
			name = Debug;
		};
		9D073B1E28E6883200D7B42A /* Release */ = {
			isa = XCBuildConfiguration;
			buildSettings = {
				ALWAYS_SEARCH_USER_PATHS = NO;
				CLANG_ANALYZER_LOCALIZABILITY_NONLOCALIZED = YES;
				CLANG_ANALYZER_NONNULL = YES;
				CLANG_ANALYZER_NUMBER_OBJECT_CONVERSION = YES_AGGRESSIVE;
				CLANG_CXX_LANGUAGE_STANDARD = "gnu++20";
				CLANG_ENABLE_MODULES = YES;
				CLANG_ENABLE_OBJC_ARC = YES;
				CLANG_ENABLE_OBJC_WEAK = YES;
				CLANG_WARN_BLOCK_CAPTURE_AUTORELEASING = YES;
				CLANG_WARN_BOOL_CONVERSION = YES;
				CLANG_WARN_COMMA = YES;
				CLANG_WARN_CONSTANT_CONVERSION = YES;
				CLANG_WARN_DEPRECATED_OBJC_IMPLEMENTATIONS = YES;
				CLANG_WARN_DIRECT_OBJC_ISA_USAGE = YES_ERROR;
				CLANG_WARN_DOCUMENTATION_COMMENTS = YES;
				CLANG_WARN_EMPTY_BODY = YES;
				CLANG_WARN_ENUM_CONVERSION = YES;
				CLANG_WARN_INFINITE_RECURSION = YES;
				CLANG_WARN_INT_CONVERSION = YES;
				CLANG_WARN_NON_LITERAL_NULL_CONVERSION = YES;
				CLANG_WARN_OBJC_IMPLICIT_RETAIN_SELF = YES;
				CLANG_WARN_OBJC_LITERAL_CONVERSION = YES;
				CLANG_WARN_OBJC_ROOT_CLASS = YES_ERROR;
				CLANG_WARN_QUOTED_INCLUDE_IN_FRAMEWORK_HEADER = YES;
				CLANG_WARN_RANGE_LOOP_ANALYSIS = YES;
				CLANG_WARN_STRICT_PROTOTYPES = YES;
				CLANG_WARN_SUSPICIOUS_MOVE = YES;
				CLANG_WARN_UNGUARDED_AVAILABILITY = YES_AGGRESSIVE;
				CLANG_WARN_UNREACHABLE_CODE = YES;
				CLANG_WARN__DUPLICATE_METHOD_MATCH = YES;
				COPY_PHASE_STRIP = NO;
				DEBUG_INFORMATION_FORMAT = "dwarf-with-dsym";
				ENABLE_NS_ASSERTIONS = NO;
				ENABLE_STRICT_OBJC_MSGSEND = YES;
				GCC_C_LANGUAGE_STANDARD = gnu11;
				GCC_NO_COMMON_BLOCKS = YES;
				GCC_WARN_64_TO_32_BIT_CONVERSION = YES;
				GCC_WARN_ABOUT_RETURN_TYPE = YES_ERROR;
				GCC_WARN_UNDECLARED_SELECTOR = YES;
				GCC_WARN_UNINITIALIZED_AUTOS = YES_AGGRESSIVE;
				GCC_WARN_UNUSED_FUNCTION = YES;
				GCC_WARN_UNUSED_VARIABLE = YES;
				IPHONEOS_DEPLOYMENT_TARGET = 16.0;
				MTL_ENABLE_DEBUG_INFO = NO;
				MTL_FAST_MATH = YES;
				SDKROOT = iphoneos;
				SWIFT_COMPILATION_MODE = wholemodule;
				SWIFT_OPTIMIZATION_LEVEL = "-O";
				VALIDATE_PRODUCT = YES;
			};
			name = Release;
		};
		9D073B2028E6883200D7B42A /* Debug */ = {
			isa = XCBuildConfiguration;
			baseConfigurationReference = 87B165928D99EF25A5DA9F41 /* Pods-Demo.debug.xcconfig */;
			buildSettings = {
				ASSETCATALOG_COMPILER_APPICON_NAME = AppIcon;
				ASSETCATALOG_COMPILER_GLOBAL_ACCENT_COLOR_NAME = AccentColor;
				CODE_SIGN_STYLE = Automatic;
				CURRENT_PROJECT_VERSION = 1;
				GENERATE_INFOPLIST_FILE = YES;
				INFOPLIST_FILE = Demo/Info.plist;
				INFOPLIST_KEY_UIApplicationSupportsIndirectInputEvents = YES;
				INFOPLIST_KEY_UILaunchStoryboardName = LaunchScreen;
				INFOPLIST_KEY_UISupportedInterfaceOrientations_iPad = "UIInterfaceOrientationPortrait UIInterfaceOrientationPortraitUpsideDown UIInterfaceOrientationLandscapeLeft UIInterfaceOrientationLandscapeRight";
				INFOPLIST_KEY_UISupportedInterfaceOrientations_iPhone = "UIInterfaceOrientationPortrait UIInterfaceOrientationLandscapeLeft UIInterfaceOrientationLandscapeRight";
				IPHONEOS_DEPLOYMENT_TARGET = 11.0;
				LD_RUNPATH_SEARCH_PATHS = (
					"$(inherited)",
					"@executable_path/Frameworks",
				);
				MARKETING_VERSION = 1.0;
				PRODUCT_BUNDLE_IDENTIFIER = com.jjkit.Demo;
				PRODUCT_NAME = "$(TARGET_NAME)";
				SWIFT_EMIT_LOC_STRINGS = YES;
				SWIFT_VERSION = 5.0;
				TARGETED_DEVICE_FAMILY = "1,2";
			};
			name = Debug;
		};
		9D073B2128E6883200D7B42A /* Release */ = {
			isa = XCBuildConfiguration;
			baseConfigurationReference = EDF7E3640305DF644F8C5CD2 /* Pods-Demo.release.xcconfig */;
			buildSettings = {
				ASSETCATALOG_COMPILER_APPICON_NAME = AppIcon;
				ASSETCATALOG_COMPILER_GLOBAL_ACCENT_COLOR_NAME = AccentColor;
				CODE_SIGN_STYLE = Automatic;
				CURRENT_PROJECT_VERSION = 1;
				GENERATE_INFOPLIST_FILE = YES;
				INFOPLIST_FILE = Demo/Info.plist;
				INFOPLIST_KEY_UIApplicationSupportsIndirectInputEvents = YES;
				INFOPLIST_KEY_UILaunchStoryboardName = LaunchScreen;
				INFOPLIST_KEY_UISupportedInterfaceOrientations_iPad = "UIInterfaceOrientationPortrait UIInterfaceOrientationPortraitUpsideDown UIInterfaceOrientationLandscapeLeft UIInterfaceOrientationLandscapeRight";
				INFOPLIST_KEY_UISupportedInterfaceOrientations_iPhone = "UIInterfaceOrientationPortrait UIInterfaceOrientationLandscapeLeft UIInterfaceOrientationLandscapeRight";
				IPHONEOS_DEPLOYMENT_TARGET = 11.0;
				LD_RUNPATH_SEARCH_PATHS = (
					"$(inherited)",
					"@executable_path/Frameworks",
				);
				MARKETING_VERSION = 1.0;
				PRODUCT_BUNDLE_IDENTIFIER = com.jjkit.Demo;
				PRODUCT_NAME = "$(TARGET_NAME)";
				SWIFT_EMIT_LOC_STRINGS = YES;
				SWIFT_VERSION = 5.0;
				TARGETED_DEVICE_FAMILY = "1,2";
			};
			name = Release;
		};
/* End XCBuildConfiguration section */

/* Begin XCConfigurationList section */
		9D073B0628E6883100D7B42A /* Build configuration list for PBXProject "Demo" */ = {
			isa = XCConfigurationList;
			buildConfigurations = (
				9D073B1D28E6883200D7B42A /* Debug */,
				9D073B1E28E6883200D7B42A /* Release */,
			);
			defaultConfigurationIsVisible = 0;
			defaultConfigurationName = Release;
		};
		9D073B1F28E6883200D7B42A /* Build configuration list for PBXNativeTarget "Demo" */ = {
			isa = XCConfigurationList;
			buildConfigurations = (
				9D073B2028E6883200D7B42A /* Debug */,
				9D073B2128E6883200D7B42A /* Release */,
			);
			defaultConfigurationIsVisible = 0;
			defaultConfigurationName = Release;
		};
/* End XCConfigurationList section */
	};
	rootObject = 9D073B0328E6883100D7B42A /* Project object */;
}
